{
  "version": 4,
  "terraform_version": "1.12.2",
  "serial": 99,
  "lineage": "6c8b5a28-a364-9af7-f7dd-094cfaf1c8b3",
  "outputs": {
    "access_logs_bucket_name": {
      "value": "azubi-project-3-dev-aik77814-access-logs",
      "type": "string"
    },
    "account_id": {
      "value": "084375583047",
      "type": "string"
    },
    "admin_role_arn": {
      "value": "arn:aws:iam::084375583047:role/azubi-project-3-dev-aik77814-admin-role",
      "type": "string"
    },
    "bucket_policies": {
      "value": {
        "access_logging_enabled": true,
        "encrypted_uploads_only": true,
        "lifecycle_configured": true,
        "multipart_cleanup_enabled": true,
        "public_access_blocked": true,
        "ssl_requests_only": true,
        "versioning_enabled": true
      },
      "type": [
        "object",
        {
          "access_logging_enabled": "bool",
          "encrypted_uploads_only": "bool",
          "lifecycle_configured": "bool",
          "multipart_cleanup_enabled": "bool",
          "public_access_blocked": "bool",
          "ssl_requests_only": "bool",
          "versioning_enabled": "bool"
        }
      ]
    },
    "cloudtrail_arn": {
      "value": "arn:aws:cloudtrail:us-east-1:084375583047:trail/azubi-project-3-dev-aik77814-cloudtrail",
      "type": "string"
    },
    "cloudtrail_logs_bucket_name": {
      "value": "azubi-project-3-dev-aik77814-cloudtrail-logs",
      "type": "string"
    },
    "cloudtrail_name": {
      "value": "azubi-project-3-dev-aik77814-cloudtrail",
      "type": "string"
    },
    "cloudwatch_log_group_name": {
      "value": "/aws/application/azubi-project-3-dev-aik77814",
      "type": "string"
    },
    "config_bucket_name": {
      "value": "azubi-project-3-dev-aik77814-config-bucket",
      "type": "string"
    },
    "connection_config": {
      "value": {
        "admin_role": "arn:aws:iam::084375583047:role/azubi-project-3-dev-aik77814-admin-role",
        "bucket_name": "azubi-project-3-dev-aik77814-secure-uploads",
        "kms_key_id": "58221d5e-11c5-40c9-afae-dbfd5dcdf4e1",
        "readonly_role": "arn:aws:iam::084375583047:role/azubi-project-3-dev-aik77814-readonly-role",
        "region": "us-east-1",
        "upload_role": "arn:aws:iam::084375583047:role/azubi-project-3-dev-aik77814-upload-role"
      },
      "type": [
        "object",
        {
          "admin_role": "string",
          "bucket_name": "string",
          "kms_key_id": "string",
          "readonly_role": "string",
          "region": "string",
          "upload_role": "string"
        }
      ]
    },
    "instance_profile_name": {
      "value": "azubi-project-3-dev-aik77814-upload-instance-profile",
      "type": "string"
    },
    "kms_alias_name": {
      "value": "alias/azubi-project-3-dev-aik77814-s3-key",
      "type": "string"
    },
    "kms_key_arn": {
      "value": "arn:aws:kms:us-east-1:084375583047:key/58221d5e-11c5-40c9-afae-dbfd5dcdf4e1",
      "type": "string"
    },
    "kms_key_id": {
      "value": "58221d5e-11c5-40c9-afae-dbfd5dcdf4e1",
      "type": "string"
    },
    "monitoring_config": {
      "value": {
        "access_logs_enabled": true,
        "cloudtrail_enabled": true,
        "cloudwatch_alarms_enabled": true,
        "config_rules_enabled": true,
        "log_retention_days": 30,
        "sns_alerts_enabled": true
      },
      "type": [
        "object",
        {
          "access_logs_enabled": "bool",
          "cloudtrail_enabled": "bool",
          "cloudwatch_alarms_enabled": "bool",
          "config_rules_enabled": "bool",
          "log_retention_days": "number",
          "sns_alerts_enabled": "bool"
        }
      ]
    },
    "readonly_role_arn": {
      "value": "arn:aws:iam::084375583047:role/azubi-project-3-dev-aik77814-readonly-role",
      "type": "string"
    },
    "region": {
      "value": "us-east-1",
      "type": "string"
    },
    "s3_bucket_arn": {
      "value": "arn:aws:s3:::azubi-project-3-dev-aik77814-secure-uploads",
      "type": "string"
    },
    "s3_bucket_domain_name": {
      "value": "azubi-project-3-dev-aik77814-secure-uploads.s3.amazonaws.com",
      "type": "string"
    },
    "s3_bucket_name": {
      "value": "azubi-project-3-dev-aik77814-secure-uploads",
      "type": "string"
    },
    "security_config": {
      "value": {
        "cloudtrail_enabled": true,
        "config_enabled": true,
        "encryption_enabled": true,
        "mfa_required": true,
        "public_access_blocked": true,
        "ssl_enforced": true
      },
      "type": [
        "object",
        {
          "cloudtrail_enabled": "bool",
          "config_enabled": "bool",
          "encryption_enabled": "bool",
          "mfa_required": "bool",
          "public_access_blocked": "bool",
          "ssl_enforced": "bool"
        }
      ]
    },
    "sns_topic_arn": {
      "value": "arn:aws:sns:us-east-1:084375583047:azubi-project-3-dev-aik77814-security-alerts",
      "type": "string"
    },
    "upload_role_arn": {
      "value": "arn:aws:iam::084375583047:role/azubi-project-3-dev-aik77814-upload-role",
      "type": "string"
    }
  },
  "resources": [
    {
      "mode": "data",
      "type": "aws_caller_identity",
      "name": "current",
      "provider": "provider[\"registry.terraform.io/hashicorp/aws\"]",
      "instances": [
        {
          "schema_version": 0,
          "attributes": {
            "account_id": "084375583047",
            "arn": "arn:aws:iam::084375583047:user/Andy",
            "id": "084375583047",
            "user_id": "AIDARHJJNHFDY523XOWDR"
          },
          "sensitive_attributes": [],
          "identity_schema_version": 0
        }
      ]
    },
    {
      "mode": "data",
      "type": "aws_region",
      "name": "current",
      "provider": "provider[\"registry.terraform.io/hashicorp/aws\"]",
      "instances": [
        {
          "schema_version": 0,
          "attributes": {
            "description": "US East (N. Virginia)",
            "endpoint": "ec2.us-east-1.amazonaws.com",
            "id": "us-east-1",
            "name": "us-east-1"
          },
          "sensitive_attributes": [],
          "identity_schema_version": 0
        }
      ]
    },
    {
      "mode": "managed",
      "type": "aws_cloudtrail",
      "name": "main",
      "provider": "provider[\"registry.terraform.io/hashicorp/aws\"]",
      "instances": [
        {
          "schema_version": 1,
          "attributes": {
            "advanced_event_selector": [],
            "arn": "arn:aws:cloudtrail:us-east-1:084375583047:trail/azubi-project-3-dev-aik77814-cloudtrail",
            "cloud_watch_logs_group_arn": "arn:aws:logs:us-east-1:084375583047:log-group:/aws/cloudtrail/azubi-project-3-dev-aik77814:*",
            "cloud_watch_logs_role_arn": "arn:aws:iam::084375583047:role/azubi-project-3-dev-aik77814-cloudtrail-cloudwatch-role",
            "enable_log_file_validation": false,
            "enable_logging": true,
            "event_selector": [
              {
                "data_resource": [
                  {
                    "type": "AWS::S3::Object",
                    "values": [
                      "arn:aws:s3:::azubi-project-3-dev-aik77814-secure-uploads/*"
                    ]
                  }
                ],
                "exclude_management_event_sources": [],
                "include_management_events": true,
                "read_write_type": "All"
              }
            ],
            "home_region": "us-east-1",
            "id": "arn:aws:cloudtrail:us-east-1:084375583047:trail/azubi-project-3-dev-aik77814-cloudtrail",
            "include_global_service_events": true,
            "insight_selector": [],
            "is_multi_region_trail": true,
            "is_organization_trail": false,
            "kms_key_id": "",
            "name": "azubi-project-3-dev-aik77814-cloudtrail",
            "s3_bucket_name": "azubi-project-3-dev-aik77814-cloudtrail-logs",
            "s3_key_prefix": "cloudtrail-logs",
            "sns_topic_arn": "",
            "sns_topic_name": "",
            "tags": {
              "Name": "azubi-project-3-dev-aik77814-cloudtrail"
            },
            "tags_all": {
              "CostCenter": "engineering",
              "Environment": "dev",
              "ManagedBy": "Terraform",
              "Name": "azubi-project-3-dev-aik77814-cloudtrail",
              "Owner": "guderian",
              "Project": "azubi-project-3"
            }
          },
          "sensitive_attributes": [],
          "identity_schema_version": 0,
          "private": "eyJzY2hlbWFfdmVyc2lvbiI6IjEifQ==",
          "dependencies": [
            "aws_cloudwatch_log_group.cloudtrail",
            "aws_iam_role.cloudtrail_cloudwatch_role",
            "aws_iam_role_policy.cloudtrail_logs_policy",
            "aws_s3_bucket.cloudtrail_logs",
            "aws_s3_bucket.secure_uploads",
            "aws_s3_bucket_policy.cloudtrail_logs",
            "data.aws_caller_identity.current",
            "data.aws_region.current",
            "random_string.suffix"
          ]
        }
      ]
    },
    {
      "mode": "managed",
      "type": "aws_cloudwatch_log_group",
      "name": "app_logs",
      "provider": "provider[\"registry.terraform.io/hashicorp/aws\"]",
      "instances": [
        {
          "schema_version": 0,
          "attributes": {
            "arn": "arn:aws:logs:us-east-1:084375583047:log-group:/aws/application/azubi-project-3-dev-aik77814",
            "id": "/aws/application/azubi-project-3-dev-aik77814",
            "kms_key_id": "",
            "log_group_class": "STANDARD",
            "name": "/aws/application/azubi-project-3-dev-aik77814",
            "name_prefix": "",
            "retention_in_days": 30,
            "skip_destroy": false,
            "tags": {
              "Name": "azubi-project-3-dev-aik77814-app-logs"
            },
            "tags_all": {
              "CostCenter": "engineering",
              "Environment": "dev",
              "ManagedBy": "Terraform",
              "Name": "azubi-project-3-dev-aik77814-app-logs",
              "Owner": "guderian",
              "Project": "azubi-project-3"
            }
          },
          "sensitive_attributes": [],
          "identity_schema_version": 0,
          "private": "bnVsbA==",
          "dependencies": [
            "random_string.suffix"
          ]
        }
      ]
    },
    {
      "mode": "managed",
      "type": "aws_cloudwatch_log_group",
      "name": "cloudtrail",
      "provider": "provider[\"registry.terraform.io/hashicorp/aws\"]",
      "instances": [
        {
          "schema_version": 0,
          "attributes": {
            "arn": "arn:aws:logs:us-east-1:084375583047:log-group:/aws/cloudtrail/azubi-project-3-dev-aik77814",
            "id": "/aws/cloudtrail/azubi-project-3-dev-aik77814",
            "kms_key_id": "",
            "log_group_class": "STANDARD",
            "name": "/aws/cloudtrail/azubi-project-3-dev-aik77814",
            "name_prefix": "",
            "retention_in_days": 30,
            "skip_destroy": false,
            "tags": {
              "Name": "azubi-project-3-dev-aik77814-cloudtrail-logs"
            },
            "tags_all": {
              "CostCenter": "engineering",
              "Environment": "dev",
              "ManagedBy": "Terraform",
              "Name": "azubi-project-3-dev-aik77814-cloudtrail-logs",
              "Owner": "guderian",
              "Project": "azubi-project-3"
            }
          },
          "sensitive_attributes": [],
          "identity_schema_version": 0,
          "private": "bnVsbA==",
          "dependencies": [
            "random_string.suffix"
          ]
        }
      ]
    },
    {
      "mode": "managed",
      "type": "aws_cloudwatch_log_metric_filter",
      "name": "console_signin_failures",
      "provider": "provider[\"registry.terraform.io/hashicorp/aws\"]",
      "instances": [
        {
          "schema_version": 0,
          "attributes": {
            "id": "azubi-project-3-dev-aik77814-console-signin-failures",
            "log_group_name": "/aws/cloudtrail/azubi-project-3-dev-aik77814",
            "metric_transformation": [
              {
                "default_value": "",
                "dimensions": {},
                "name": "ConsoleSigninFailures",
                "namespace": "CISBenchmark",
                "unit": "None",
                "value": "1"
              }
            ],
            "name": "azubi-project-3-dev-aik77814-console-signin-failures",
            "pattern": "{ ($.eventName = ConsoleLogin) \u0026\u0026 ($.responseElements.ConsoleLogin = \"Failure\") }"
          },
          "sensitive_attributes": [],
          "identity_schema_version": 0,
          "private": "bnVsbA==",
          "dependencies": [
            "aws_cloudwatch_log_group.cloudtrail",
            "random_string.suffix"
          ]
        }
      ]
    },
    {
      "mode": "managed",
      "type": "aws_cloudwatch_log_metric_filter",
      "name": "root_access_key_usage",
      "provider": "provider[\"registry.terraform.io/hashicorp/aws\"]",
      "instances": [
        {
          "schema_version": 0,
          "attributes": {
            "id": "azubi-project-3-dev-aik77814-root-access-key-usage",
            "log_group_name": "/aws/cloudtrail/azubi-project-3-dev-aik77814",
            "metric_transformation": [
              {
                "default_value": "",
                "dimensions": {},
                "name": "RootAccessKeyUsage",
                "namespace": "CISBenchmark",
                "unit": "None",
                "value": "1"
              }
            ],
            "name": "azubi-project-3-dev-aik77814-root-access-key-usage",
            "pattern": "{ $.userIdentity.type = \"Root\" \u0026\u0026 $.userIdentity.invokedBy NOT EXISTS \u0026\u0026 $.eventType != \"AwsServiceEvent\" }"
          },
          "sensitive_attributes": [],
          "identity_schema_version": 0,
          "private": "bnVsbA==",
          "dependencies": [
            "aws_cloudwatch_log_group.cloudtrail",
            "random_string.suffix"
          ]
        }
      ]
    },
    {
      "mode": "managed",
      "type": "aws_cloudwatch_log_metric_filter",
      "name": "s3_bucket_policy_changes",
      "provider": "provider[\"registry.terraform.io/hashicorp/aws\"]",
      "instances": [
        {
          "schema_version": 0,
          "attributes": {
            "id": "azubi-project-3-dev-aik77814-s3-policy-changes-filter",
            "log_group_name": "/aws/cloudtrail/azubi-project-3-dev-aik77814",
            "metric_transformation": [
              {
                "default_value": "",
                "dimensions": {},
                "name": "S3BucketPolicyChanges",
                "namespace": "CISBenchmark",
                "unit": "None",
                "value": "1"
              }
            ],
            "name": "azubi-project-3-dev-aik77814-s3-policy-changes-filter",
            "pattern": "{ ($.eventSource = s3.amazonaws.com) \u0026\u0026 (($.eventName = PutBucketPolicy) || ($.eventName = DeleteBucketPolicy) || ($.eventName = PutBucketAcl) || ($.eventName = PutObjectAcl) || ($.eventName = PutBucketCors) || ($.eventName = DeleteBucketCors) || ($.eventName = PutBucketLifecycle) || ($.eventName = DeleteBucketLifecycle)) }"
          },
          "sensitive_attributes": [],
          "identity_schema_version": 0,
          "private": "bnVsbA==",
          "dependencies": [
            "aws_cloudwatch_log_group.cloudtrail",
            "random_string.suffix"
          ]
        }
      ]
    },
    {
      "mode": "managed",
      "type": "aws_cloudwatch_log_metric_filter",
      "name": "unauthorized_api_calls",
      "provider": "provider[\"registry.terraform.io/hashicorp/aws\"]",
      "instances": [
        {
          "schema_version": 0,
          "attributes": {
            "id": "azubi-project-3-dev-aik77814-unauthorized-api-calls-filter",
            "log_group_name": "/aws/cloudtrail/azubi-project-3-dev-aik77814",
            "metric_transformation": [
              {
                "default_value": "",
                "dimensions": {},
                "name": "UnauthorizedAPICalls",
                "namespace": "CISBenchmark",
                "unit": "None",
                "value": "1"
              }
            ],
            "name": "azubi-project-3-dev-aik77814-unauthorized-api-calls-filter",
            "pattern": "{ ($.errorCode = \"*UnauthorizedOperation\") || ($.errorCode = \"AccessDenied*\") }"
          },
          "sensitive_attributes": [],
          "identity_schema_version": 0,
          "private": "bnVsbA==",
          "dependencies": [
            "aws_cloudwatch_log_group.cloudtrail",
            "random_string.suffix"
          ]
        }
      ]
    },
    {
      "mode": "managed",
      "type": "aws_cloudwatch_metric_alarm",
      "name": "root_access_key_usage",
      "provider": "provider[\"registry.terraform.io/hashicorp/aws\"]",
      "instances": [
        {
          "schema_version": 1,
          "attributes": {
            "actions_enabled": true,
            "alarm_actions": [
              "arn:aws:sns:us-east-1:084375583047:azubi-project-3-dev-aik77814-security-alerts"
            ],
            "alarm_description": "This metric monitors root access key usage",
            "alarm_name": "azubi-project-3-dev-aik77814-root-access-key-usage",
            "arn": "arn:aws:cloudwatch:us-east-1:084375583047:alarm:azubi-project-3-dev-aik77814-root-access-key-usage",
            "comparison_operator": "GreaterThanThreshold",
            "datapoints_to_alarm": 0,
            "dimensions": {},
            "evaluate_low_sample_count_percentiles": "",
            "evaluation_periods": 1,
            "extended_statistic": "",
            "id": "azubi-project-3-dev-aik77814-root-access-key-usage",
            "insufficient_data_actions": [],
            "metric_name": "RootAccessKeyUsage",
            "metric_query": [],
            "namespace": "CISBenchmark",
            "ok_actions": [],
            "period": 300,
            "statistic": "Sum",
            "tags": {
              "Name": "azubi-project-3-dev-aik77814-root-access-key-usage"
            },
            "tags_all": {
              "CostCenter": "engineering",
              "Environment": "dev",
              "ManagedBy": "Terraform",
              "Name": "azubi-project-3-dev-aik77814-root-access-key-usage",
              "Owner": "guderian",
              "Project": "azubi-project-3"
            },
            "threshold": 0,
            "threshold_metric_id": "",
            "treat_missing_data": "notBreaching",
            "unit": ""
          },
          "sensitive_attributes": [],
          "identity_schema_version": 0,
          "private": "eyJzY2hlbWFfdmVyc2lvbiI6IjEifQ==",
          "dependencies": [
            "aws_sns_topic.security_alerts",
            "random_string.suffix"
          ]
        }
      ]
    },
    {
      "mode": "managed",
      "type": "aws_cloudwatch_metric_alarm",
      "name": "s3_bucket_policy_changes",
      "provider": "provider[\"registry.terraform.io/hashicorp/aws\"]",
      "instances": [
        {
          "schema_version": 1,
          "attributes": {
            "actions_enabled": true,
            "alarm_actions": [
              "arn:aws:sns:us-east-1:084375583047:azubi-project-3-dev-aik77814-security-alerts"
            ],
            "alarm_description": "This metric monitors S3 bucket policy changes",
            "alarm_name": "azubi-project-3-dev-aik77814-s3-bucket-policy-changes",
            "arn": "arn:aws:cloudwatch:us-east-1:084375583047:alarm:azubi-project-3-dev-aik77814-s3-bucket-policy-changes",
            "comparison_operator": "GreaterThanThreshold",
            "datapoints_to_alarm": 0,
            "dimensions": {},
            "evaluate_low_sample_count_percentiles": "",
            "evaluation_periods": 1,
            "extended_statistic": "",
            "id": "azubi-project-3-dev-aik77814-s3-bucket-policy-changes",
            "insufficient_data_actions": [],
            "metric_name": "S3BucketPolicyChanges",
            "metric_query": [],
            "namespace": "CISBenchmark",
            "ok_actions": [],
            "period": 300,
            "statistic": "Sum",
            "tags": {
              "Name": "azubi-project-3-dev-aik77814-s3-bucket-policy-changes"
            },
            "tags_all": {
              "CostCenter": "engineering",
              "Environment": "dev",
              "ManagedBy": "Terraform",
              "Name": "azubi-project-3-dev-aik77814-s3-bucket-policy-changes",
              "Owner": "guderian",
              "Project": "azubi-project-3"
            },
            "threshold": 0,
            "threshold_metric_id": "",
            "treat_missing_data": "notBreaching",
            "unit": ""
          },
          "sensitive_attributes": [],
          "identity_schema_version": 0,
          "private": "eyJzY2hlbWFfdmVyc2lvbiI6IjEifQ==",
          "dependencies": [
            "aws_sns_topic.security_alerts",
            "random_string.suffix"
          ]
        }
      ]
    },
    {
      "mode": "managed",
      "type": "aws_cloudwatch_metric_alarm",
      "name": "unauthorized_api_calls",
      "provider": "provider[\"registry.terraform.io/hashicorp/aws\"]",
      "instances": [
        {
          "schema_version": 1,
          "attributes": {
            "actions_enabled": true,
            "alarm_actions": [
              "arn:aws:sns:us-east-1:084375583047:azubi-project-3-dev-aik77814-security-alerts"
            ],
            "alarm_description": "This metric monitors unauthorized API calls",
            "alarm_name": "azubi-project-3-dev-aik77814-unauthorized-api-calls",
            "arn": "arn:aws:cloudwatch:us-east-1:084375583047:alarm:azubi-project-3-dev-aik77814-unauthorized-api-calls",
            "comparison_operator": "GreaterThanThreshold",
            "datapoints_to_alarm": 0,
            "dimensions": {},
            "evaluate_low_sample_count_percentiles": "",
            "evaluation_periods": 2,
            "extended_statistic": "",
            "id": "azubi-project-3-dev-aik77814-unauthorized-api-calls",
            "insufficient_data_actions": [],
            "metric_name": "UnauthorizedAPICalls",
            "metric_query": [],
            "namespace": "CISBenchmark",
            "ok_actions": [],
            "period": 300,
            "statistic": "Sum",
            "tags": {
              "Name": "azubi-project-3-dev-aik77814-unauthorized-api-calls"
            },
            "tags_all": {
              "CostCenter": "engineering",
              "Environment": "dev",
              "ManagedBy": "Terraform",
              "Name": "azubi-project-3-dev-aik77814-unauthorized-api-calls",
              "Owner": "guderian",
              "Project": "azubi-project-3"
            },
            "threshold": 0,
            "threshold_metric_id": "",
            "treat_missing_data": "notBreaching",
            "unit": ""
          },
          "sensitive_attributes": [],
          "identity_schema_version": 0,
          "private": "eyJzY2hlbWFfdmVyc2lvbiI6IjEifQ==",
          "dependencies": [
            "aws_sns_topic.security_alerts",
            "random_string.suffix"
          ]
        }
      ]
    },
    {
      "mode": "managed",
      "type": "aws_config_config_rule",
      "name": "s3_bucket_public_read_prohibited",
      "provider": "provider[\"registry.terraform.io/hashicorp/aws\"]",
      "instances": [
        {
          "schema_version": 0,
          "attributes": {
            "arn": "arn:aws:config:us-east-1:084375583047:config-rule/config-rule-xz0btu",
            "description": "",
            "evaluation_mode": [
              {
                "mode": "DETECTIVE"
              }
            ],
            "id": "azubi-project-3-dev-aik77814-s3-public-read-prohibited",
            "input_parameters": "",
            "maximum_execution_frequency": "",
            "name": "azubi-project-3-dev-aik77814-s3-public-read-prohibited",
            "rule_id": "config-rule-xz0btu",
            "scope": [],
            "source": [
              {
                "custom_policy_details": [],
                "owner": "AWS",
                "source_detail": [],
                "source_identifier": "S3_BUCKET_PUBLIC_READ_PROHIBITED"
              }
            ],
            "tags": {},
            "tags_all": {
              "CostCenter": "engineering",
              "Environment": "dev",
              "ManagedBy": "Terraform",
              "Owner": "guderian",
              "Project": "azubi-project-3"
            }
          },
          "sensitive_attributes": [],
          "identity_schema_version": 0,
          "private": "bnVsbA==",
          "dependencies": [
            "aws_config_configuration_recorder.main",
            "aws_iam_role.config_role",
            "random_string.suffix"
          ]
        }
      ]
    },
    {
      "mode": "managed",
      "type": "aws_config_config_rule",
      "name": "s3_bucket_public_write_prohibited",
      "provider": "provider[\"registry.terraform.io/hashicorp/aws\"]",
      "instances": [
        {
          "schema_version": 0,
          "attributes": {
            "arn": "arn:aws:config:us-east-1:084375583047:config-rule/config-rule-9ildyq",
            "description": "",
            "evaluation_mode": [
              {
                "mode": "DETECTIVE"
              }
            ],
            "id": "azubi-project-3-dev-aik77814-s3-public-write-prohibited",
            "input_parameters": "",
            "maximum_execution_frequency": "",
            "name": "azubi-project-3-dev-aik77814-s3-public-write-prohibited",
            "rule_id": "config-rule-9ildyq",
            "scope": [],
            "source": [
              {
                "custom_policy_details": [],
                "owner": "AWS",
                "source_detail": [],
                "source_identifier": "S3_BUCKET_PUBLIC_WRITE_PROHIBITED"
              }
            ],
            "tags": {},
            "tags_all": {
              "CostCenter": "engineering",
              "Environment": "dev",
              "ManagedBy": "Terraform",
              "Owner": "guderian",
              "Project": "azubi-project-3"
            }
          },
          "sensitive_attributes": [],
          "identity_schema_version": 0,
          "private": "bnVsbA==",
          "dependencies": [
            "aws_config_configuration_recorder.main",
            "aws_iam_role.config_role",
            "random_string.suffix"
          ]
        }
      ]
    },
    {
      "mode": "managed",
      "type": "aws_config_config_rule",
      "name": "s3_bucket_server_side_encryption_enabled",
      "provider": "provider[\"registry.terraform.io/hashicorp/aws\"]",
      "instances": [
        {
          "schema_version": 0,
          "attributes": {
            "arn": "arn:aws:config:us-east-1:084375583047:config-rule/config-rule-a5tt3x",
            "description": "",
            "evaluation_mode": [
              {
                "mode": "DETECTIVE"
              }
            ],
            "id": "azubi-project-3-dev-aik77814-s3-encryption-enabled",
            "input_parameters": "",
            "maximum_execution_frequency": "",
            "name": "azubi-project-3-dev-aik77814-s3-encryption-enabled",
            "rule_id": "config-rule-a5tt3x",
            "scope": [],
            "source": [
              {
                "custom_policy_details": [],
                "owner": "AWS",
                "source_detail": [],
                "source_identifier": "S3_BUCKET_SERVER_SIDE_ENCRYPTION_ENABLED"
              }
            ],
            "tags": {},
            "tags_all": {
              "CostCenter": "engineering",
              "Environment": "dev",
              "ManagedBy": "Terraform",
              "Owner": "guderian",
              "Project": "azubi-project-3"
            }
          },
          "sensitive_attributes": [],
          "identity_schema_version": 0,
          "private": "bnVsbA==",
          "dependencies": [
            "aws_config_configuration_recorder.main",
            "aws_iam_role.config_role",
            "random_string.suffix"
          ]
        }
      ]
    },
    {
      "mode": "managed",
      "type": "aws_config_config_rule",
      "name": "s3_bucket_ssl_requests_only",
      "provider": "provider[\"registry.terraform.io/hashicorp/aws\"]",
      "instances": [
        {
          "schema_version": 0,
          "attributes": {
            "arn": "arn:aws:config:us-east-1:084375583047:config-rule/config-rule-n6ub6n",
            "description": "",
            "evaluation_mode": [
              {
                "mode": "DETECTIVE"
              }
            ],
            "id": "azubi-project-3-dev-aik77814-s3-ssl-requests-only",
            "input_parameters": "",
            "maximum_execution_frequency": "",
            "name": "azubi-project-3-dev-aik77814-s3-ssl-requests-only",
            "rule_id": "config-rule-n6ub6n",
            "scope": [],
            "source": [
              {
                "custom_policy_details": [],
                "owner": "AWS",
                "source_detail": [],
                "source_identifier": "S3_BUCKET_SSL_REQUESTS_ONLY"
              }
            ],
            "tags": {},
            "tags_all": {
              "CostCenter": "engineering",
              "Environment": "dev",
              "ManagedBy": "Terraform",
              "Owner": "guderian",
              "Project": "azubi-project-3"
            }
          },
          "sensitive_attributes": [],
          "identity_schema_version": 0,
          "private": "bnVsbA==",
          "dependencies": [
            "aws_config_configuration_recorder.main",
            "aws_iam_role.config_role",
            "random_string.suffix"
          ]
        }
      ]
    },
    {
      "mode": "managed",
      "type": "aws_config_configuration_recorder",
      "name": "main",
      "provider": "provider[\"registry.terraform.io/hashicorp/aws\"]",
      "instances": [
        {
          "schema_version": 0,
          "attributes": {
            "id": "azubi-project-3-dev-aik77814-config-recorder",
            "name": "azubi-project-3-dev-aik77814-config-recorder",
            "recording_group": [
              {
                "all_supported": true,
                "exclusion_by_resource_types": [
                  {
                    "resource_types": []
                  }
                ],
                "include_global_resource_types": true,
                "recording_strategy": [
                  {
                    "use_only": "ALL_SUPPORTED_RESOURCE_TYPES"
                  }
                ],
                "resource_types": []
              }
            ],
            "recording_mode": [
              {
                "recording_frequency": "CONTINUOUS",
                "recording_mode_override": []
              }
            ],
            "role_arn": "arn:aws:iam::084375583047:role/azubi-project-3-dev-aik77814-config-role"
          },
          "sensitive_attributes": [],
          "identity_schema_version": 0,
          "private": "bnVsbA==",
          "dependencies": [
            "aws_iam_role.config_role",
            "random_string.suffix"
          ]
        }
      ]
    },
    {
      "mode": "managed",
      "type": "aws_config_delivery_channel",
      "name": "main",
      "provider": "provider[\"registry.terraform.io/hashicorp/aws\"]",
      "instances": [
        {
          "schema_version": 0,
          "attributes": {
            "id": "azubi-project-3-dev-aik77814-config-delivery-channel",
            "name": "azubi-project-3-dev-aik77814-config-delivery-channel",
            "s3_bucket_name": "azubi-project-3-dev-aik77814-config-bucket",
            "s3_key_prefix": "",
            "s3_kms_key_arn": "",
            "snapshot_delivery_properties": [
              {
                "delivery_frequency": "TwentyFour_Hours"
              }
            ],
            "sns_topic_arn": ""
          },
          "sensitive_attributes": [],
          "identity_schema_version": 0,
          "private": "bnVsbA==",
          "dependencies": [
            "aws_config_configuration_recorder.main",
            "aws_iam_role.config_role",
            "aws_s3_bucket.config_bucket",
            "aws_s3_bucket_policy.config_bucket",
            "data.aws_caller_identity.current",
            "random_string.suffix"
          ]
        }
      ]
    },
    {
      "mode": "managed",
      "type": "aws_iam_instance_profile",
      "name": "upload_instance_profile",
      "provider": "provider[\"registry.terraform.io/hashicorp/aws\"]",
      "instances": [
        {
          "schema_version": 0,
          "attributes": {
            "arn": "arn:aws:iam::084375583047:instance-profile/azubi-project-3-dev-aik77814-upload-instance-profile",
            "create_date": "2025-09-18T00:18:03Z",
            "id": "azubi-project-3-dev-aik77814-upload-instance-profile",
            "name": "azubi-project-3-dev-aik77814-upload-instance-profile",
            "name_prefix": "",
            "path": "/",
            "role": "azubi-project-3-dev-aik77814-upload-role",
            "tags": {
              "Name": "azubi-project-3-dev-aik77814-upload-instance-profile"
            },
            "tags_all": {
              "CostCenter": "engineering",
              "Environment": "dev",
              "ManagedBy": "Terraform",
              "Name": "azubi-project-3-dev-aik77814-upload-instance-profile",
              "Owner": "guderian",
              "Project": "azubi-project-3"
            },
            "unique_id": "AIPARHJJNHFDQ2MGZC7C7"
          },
          "sensitive_attributes": [],
          "identity_schema_version": 0,
          "private": "bnVsbA==",
          "dependencies": [
            "aws_iam_role.upload_role",
            "data.aws_caller_identity.current",
            "random_string.suffix"
          ]
        }
      ]
    },
    {
      "mode": "managed",
      "type": "aws_iam_policy",
      "name": "admin_policy",
      "provider": "provider[\"registry.terraform.io/hashicorp/aws\"]",
      "instances": [
        {
          "schema_version": 0,
          "attributes": {
            "arn": "arn:aws:iam::084375583047:policy/azubi-project-3-dev-aik77814-admin-policy",
            "attachment_count": 1,
            "description": "Full administrative policy for S3 bucket management",
            "id": "arn:aws:iam::084375583047:policy/azubi-project-3-dev-aik77814-admin-policy",
            "name": "azubi-project-3-dev-aik77814-admin-policy",
            "name_prefix": "",
            "path": "/",
            "policy": "{\"Statement\":[{\"Action\":[\"s3:*\"],\"Effect\":\"Allow\",\"Resource\":[\"arn:aws:s3:::azubi-project-3-dev-aik77814-secure-uploads\",\"arn:aws:s3:::azubi-project-3-dev-aik77814-secure-uploads/*\",\"arn:aws:s3:::azubi-project-3-dev-aik77814-access-logs\",\"arn:aws:s3:::azubi-project-3-dev-aik77814-access-logs/*\"],\"Sid\":\"S3FullAccess\"},{\"Action\":[\"kms:*\"],\"Effect\":\"Allow\",\"Resource\":\"arn:aws:kms:us-east-1:084375583047:key/58221d5e-11c5-40c9-afae-dbfd5dcdf4e1\",\"Sid\":\"KMSFullAccess\"},{\"Action\":[\"cloudtrail:LookupEvents\",\"cloudtrail:GetTrailStatus\"],\"Effect\":\"Allow\",\"Resource\":\"*\",\"Sid\":\"CloudTrailAccess\"},{\"Action\":[\"config:GetComplianceDetailsByConfigRule\",\"config:GetComplianceDetailsByResource\",\"config:DescribeConfigRules\"],\"Effect\":\"Allow\",\"Resource\":\"*\",\"Sid\":\"ConfigAccess\"}],\"Version\":\"2012-10-17\"}",
            "policy_id": "ANPARHJJNHFDVVDX6XIU3",
            "tags": {},
            "tags_all": {
              "CostCenter": "engineering",
              "Environment": "dev",
              "ManagedBy": "Terraform",
              "Owner": "guderian",
              "Project": "azubi-project-3"
            }
          },
          "sensitive_attributes": [],
          "identity_schema_version": 0,
          "private": "bnVsbA==",
          "dependencies": [
            "aws_iam_role.admin_role",
            "aws_iam_role.readonly_role",
            "aws_iam_role.upload_role",
            "aws_kms_key.s3_encryption",
            "aws_s3_bucket.access_logs",
            "aws_s3_bucket.secure_uploads",
            "data.aws_caller_identity.current",
            "random_string.suffix"
          ]
        }
      ]
    },
    {
      "mode": "managed",
      "type": "aws_iam_policy",
      "name": "readonly_policy",
      "provider": "provider[\"registry.terraform.io/hashicorp/aws\"]",
      "instances": [
        {
          "schema_version": 0,
          "attributes": {
            "arn": "arn:aws:iam::084375583047:policy/azubi-project-3-dev-aik77814-readonly-policy",
            "attachment_count": 1,
            "description": "Read-only access policy for monitoring and auditing",
            "id": "arn:aws:iam::084375583047:policy/azubi-project-3-dev-aik77814-readonly-policy",
            "name": "azubi-project-3-dev-aik77814-readonly-policy",
            "name_prefix": "",
            "path": "/",
            "policy": "{\"Statement\":[{\"Action\":[\"s3:GetObject\",\"s3:ListBucket\",\"s3:GetBucketLocation\",\"s3:GetBucketVersioning\",\"s3:GetBucketPolicy\",\"s3:GetBucketAcl\",\"s3:GetBucketLogging\",\"s3:GetBucketNotification\"],\"Effect\":\"Allow\",\"Resource\":[\"arn:aws:s3:::azubi-project-3-dev-aik77814-secure-uploads\",\"arn:aws:s3:::azubi-project-3-dev-aik77814-secure-uploads/*\",\"arn:aws:s3:::azubi-project-3-dev-aik77814-access-logs\",\"arn:aws:s3:::azubi-project-3-dev-aik77814-access-logs/*\"],\"Sid\":\"S3ReadOnlyAccess\"},{\"Action\":[\"kms:DescribeKey\",\"kms:GetKeyPolicy\",\"kms:GetKeyRotationStatus\",\"kms:ListKeys\",\"kms:ListAliases\"],\"Effect\":\"Allow\",\"Resource\":\"*\",\"Sid\":\"KMSReadOnlyAccess\"},{\"Action\":[\"cloudtrail:LookupEvents\",\"cloudtrail:GetTrailStatus\",\"cloudtrail:DescribeTrails\"],\"Effect\":\"Allow\",\"Resource\":\"*\",\"Sid\":\"CloudTrailReadAccess\"}],\"Version\":\"2012-10-17\"}",
            "policy_id": "ANPARHJJNHFD2QV2A563F",
            "tags": {},
            "tags_all": {
              "CostCenter": "engineering",
              "Environment": "dev",
              "ManagedBy": "Terraform",
              "Owner": "guderian",
              "Project": "azubi-project-3"
            }
          },
          "sensitive_attributes": [],
          "identity_schema_version": 0,
          "private": "bnVsbA==",
          "dependencies": [
            "aws_s3_bucket.access_logs",
            "aws_s3_bucket.secure_uploads",
            "random_string.suffix"
          ]
        }
      ]
    },
    {
      "mode": "managed",
      "type": "aws_iam_policy",
      "name": "upload_policy",
      "provider": "provider[\"registry.terraform.io/hashicorp/aws\"]",
      "instances": [
        {
          "schema_version": 0,
          "attributes": {
            "arn": "arn:aws:iam::084375583047:policy/azubi-project-3-dev-aik77814-upload-policy",
            "attachment_count": 1,
            "description": "Policy for secure file upload operations",
            "id": "arn:aws:iam::084375583047:policy/azubi-project-3-dev-aik77814-upload-policy",
            "name": "azubi-project-3-dev-aik77814-upload-policy",
            "name_prefix": "",
            "path": "/",
            "policy": "{\"Statement\":[{\"Action\":[\"s3:PutObject\",\"s3:PutObjectAcl\",\"s3:GetObject\",\"s3:ListMultipartUploadParts\",\"s3:AbortMultipartUpload\",\"s3:ListBucketMultipartUploads\"],\"Condition\":{\"StringEquals\":{\"s3:x-amz-server-side-encryption\":\"aws:kms\",\"s3:x-amz-server-side-encryption-aws-kms-key-id\":\"arn:aws:kms:us-east-1:084375583047:key/58221d5e-11c5-40c9-afae-dbfd5dcdf4e1\"}},\"Effect\":\"Allow\",\"Resource\":[\"arn:aws:s3:::azubi-project-3-dev-aik77814-secure-uploads\",\"arn:aws:s3:::azubi-project-3-dev-aik77814-secure-uploads/*\"],\"Sid\":\"S3UploadPermissions\"},{\"Action\":[\"kms:Encrypt\",\"kms:Decrypt\",\"kms:ReEncrypt*\",\"kms:GenerateDataKey*\",\"kms:DescribeKey\"],\"Effect\":\"Allow\",\"Resource\":\"arn:aws:kms:us-east-1:084375583047:key/58221d5e-11c5-40c9-afae-dbfd5dcdf4e1\",\"Sid\":\"KMSPermissions\"},{\"Action\":[\"s3:ListBucket\",\"s3:GetBucketLocation\"],\"Condition\":{\"StringLike\":{\"s3:prefix\":\"uploads/*\"}},\"Effect\":\"Allow\",\"Resource\":\"arn:aws:s3:::azubi-project-3-dev-aik77814-secure-uploads\",\"Sid\":\"ListBucketPermissions\"}],\"Version\":\"2012-10-17\"}",
            "policy_id": "ANPARHJJNHFDR5GLMJYJ4",
            "tags": {},
            "tags_all": {
              "CostCenter": "engineering",
              "Environment": "dev",
              "ManagedBy": "Terraform",
              "Owner": "guderian",
              "Project": "azubi-project-3"
            }
          },
          "sensitive_attributes": [],
          "identity_schema_version": 0,
          "private": "bnVsbA==",
          "dependencies": [
            "aws_iam_role.admin_role",
            "aws_iam_role.readonly_role",
            "aws_iam_role.upload_role",
            "aws_kms_key.s3_encryption",
            "aws_s3_bucket.secure_uploads",
            "data.aws_caller_identity.current",
            "random_string.suffix"
          ]
        }
      ]
    },
    {
      "mode": "managed",
      "type": "aws_iam_role",
      "name": "admin_role",
      "provider": "provider[\"registry.terraform.io/hashicorp/aws\"]",
      "instances": [
        {
          "schema_version": 0,
          "attributes": {
            "arn": "arn:aws:iam::084375583047:role/azubi-project-3-dev-aik77814-admin-role",
            "assume_role_policy": "{\"Statement\":[{\"Action\":\"sts:AssumeRole\",\"Condition\":{\"Bool\":{\"aws:MultiFactorAuthPresent\":\"true\"}},\"Effect\":\"Allow\",\"Principal\":{\"AWS\":\"arn:aws:iam::084375583047:root\"}}],\"Version\":\"2012-10-17\"}",
            "create_date": "2025-09-18T00:17:59Z",
            "description": "",
            "force_detach_policies": false,
            "id": "azubi-project-3-dev-aik77814-admin-role",
            "inline_policy": [],
            "managed_policy_arns": [
              "arn:aws:iam::084375583047:policy/azubi-project-3-dev-aik77814-admin-policy"
            ],
            "max_session_duration": 3600,
            "name": "azubi-project-3-dev-aik77814-admin-role",
            "name_prefix": "",
            "path": "/",
            "permissions_boundary": "",
            "tags": {
              "Name": "azubi-project-3-dev-aik77814-admin-role"
            },
            "tags_all": {
              "CostCenter": "engineering",
              "Environment": "dev",
              "ManagedBy": "Terraform",
              "Name": "azubi-project-3-dev-aik77814-admin-role",
              "Owner": "guderian",
              "Project": "azubi-project-3"
            },
            "unique_id": "AROARHJJNHFDSFRLAT7FP"
          },
          "sensitive_attributes": [],
          "identity_schema_version": 0,
          "private": "bnVsbA==",
          "dependencies": [
            "data.aws_caller_identity.current",
            "random_string.suffix"
          ]
        }
      ]
    },
    {
      "mode": "managed",
      "type": "aws_iam_role",
      "name": "cloudtrail_cloudwatch_role",
      "provider": "provider[\"registry.terraform.io/hashicorp/aws\"]",
      "instances": [
        {
          "schema_version": 0,
          "attributes": {
            "arn": "arn:aws:iam::084375583047:role/azubi-project-3-dev-aik77814-cloudtrail-cloudwatch-role",
            "assume_role_policy": "{\"Statement\":[{\"Action\":\"sts:AssumeRole\",\"Effect\":\"Allow\",\"Principal\":{\"Service\":\"cloudtrail.amazonaws.com\"}}],\"Version\":\"2012-10-17\"}",
            "create_date": "2025-09-18T00:17:59Z",
            "description": "",
            "force_detach_policies": false,
            "id": "azubi-project-3-dev-aik77814-cloudtrail-cloudwatch-role",
            "inline_policy": [
              {
                "name": "azubi-project-3-dev-aik77814-cloudtrail-logs-policy",
                "policy": "{\"Version\":\"2012-10-17\",\"Statement\":[{\"Action\":[\"logs:CreateLogGroup\",\"logs:CreateLogStream\",\"logs:PutLogEvents\",\"logs:DescribeLogGroups\",\"logs:DescribeLogStreams\"],\"Effect\":\"Allow\",\"Resource\":\"arn:aws:logs:us-east-1:084375583047:log-group:/aws/cloudtrail/azubi-project-3-dev-aik77814:*\"}]}"
              }
            ],
            "managed_policy_arns": [],
            "max_session_duration": 3600,
            "name": "azubi-project-3-dev-aik77814-cloudtrail-cloudwatch-role",
            "name_prefix": "",
            "path": "/",
            "permissions_boundary": "",
            "tags": {
              "Name": "azubi-project-3-dev-aik77814-cloudtrail-cloudwatch-role"
            },
            "tags_all": {
              "CostCenter": "engineering",
              "Environment": "dev",
              "ManagedBy": "Terraform",
              "Name": "azubi-project-3-dev-aik77814-cloudtrail-cloudwatch-role",
              "Owner": "guderian",
              "Project": "azubi-project-3"
            },
            "unique_id": "AROARHJJNHFDV2BOXB4R7"
          },
          "sensitive_attributes": [],
          "identity_schema_version": 0,
          "private": "bnVsbA==",
          "dependencies": [
            "random_string.suffix"
          ]
        }
      ]
    },
    {
      "mode": "managed",
      "type": "aws_iam_role",
      "name": "config_role",
      "provider": "provider[\"registry.terraform.io/hashicorp/aws\"]",
      "instances": [
        {
          "schema_version": 0,
          "attributes": {
            "arn": "arn:aws:iam::084375583047:role/azubi-project-3-dev-aik77814-config-role",
            "assume_role_policy": "{\"Statement\":[{\"Action\":\"sts:AssumeRole\",\"Effect\":\"Allow\",\"Principal\":{\"Service\":\"config.amazonaws.com\"}}],\"Version\":\"2012-10-17\"}",
            "create_date": "2025-09-18T00:17:59Z",
            "description": "",
            "force_detach_policies": false,
            "id": "azubi-project-3-dev-aik77814-config-role",
            "inline_policy": [
              {
                "name": "azubi-project-3-dev-aik77814-config-s3-policy",
                "policy": "{\"Version\":\"2012-10-17\",\"Statement\":[{\"Action\":[\"s3:GetBucketAcl\",\"s3:GetBucketLocation\",\"s3:ListBucket\"],\"Effect\":\"Allow\",\"Resource\":\"arn:aws:s3:::azubi-project-3-dev-aik77814-config-bucket\"},{\"Action\":[\"s3:PutObject\",\"s3:GetObject\"],\"Condition\":{\"StringEquals\":{\"s3:x-amz-acl\":\"bucket-owner-full-control\"}},\"Effect\":\"Allow\",\"Resource\":\"arn:aws:s3:::azubi-project-3-dev-aik77814-config-bucket/*\"}]}"
              }
            ],
            "managed_policy_arns": [
              "arn:aws:iam::aws:policy/service-role/AWS_ConfigRole"
            ],
            "max_session_duration": 3600,
            "name": "azubi-project-3-dev-aik77814-config-role",
            "name_prefix": "",
            "path": "/",
            "permissions_boundary": "",
            "tags": {
              "Name": "azubi-project-3-dev-aik77814-config-role"
            },
            "tags_all": {
              "CostCenter": "engineering",
              "Environment": "dev",
              "ManagedBy": "Terraform",
              "Name": "azubi-project-3-dev-aik77814-config-role",
              "Owner": "guderian",
              "Project": "azubi-project-3"
            },
            "unique_id": "AROARHJJNHFDQP42SNJPS"
          },
          "sensitive_attributes": [],
          "identity_schema_version": 0,
          "private": "bnVsbA==",
          "dependencies": [
            "random_string.suffix"
          ]
        }
      ]
    },
    {
      "mode": "managed",
      "type": "aws_iam_role",
      "name": "readonly_role",
      "provider": "provider[\"registry.terraform.io/hashicorp/aws\"]",
      "instances": [
        {
          "schema_version": 0,
          "attributes": {
            "arn": "arn:aws:iam::084375583047:role/azubi-project-3-dev-aik77814-readonly-role",
            "assume_role_policy": "{\"Statement\":[{\"Action\":\"sts:AssumeRole\",\"Effect\":\"Allow\",\"Principal\":{\"AWS\":\"arn:aws:iam::084375583047:root\"}}],\"Version\":\"2012-10-17\"}",
            "create_date": "2025-09-18T00:17:59Z",
            "description": "",
            "force_detach_policies": false,
            "id": "azubi-project-3-dev-aik77814-readonly-role",
            "inline_policy": [],
            "managed_policy_arns": [
              "arn:aws:iam::084375583047:policy/azubi-project-3-dev-aik77814-readonly-policy"
            ],
            "max_session_duration": 3600,
            "name": "azubi-project-3-dev-aik77814-readonly-role",
            "name_prefix": "",
            "path": "/",
            "permissions_boundary": "",
            "tags": {
              "Name": "azubi-project-3-dev-aik77814-readonly-role"
            },
            "tags_all": {
              "CostCenter": "engineering",
              "Environment": "dev",
              "ManagedBy": "Terraform",
              "Name": "azubi-project-3-dev-aik77814-readonly-role",
              "Owner": "guderian",
              "Project": "azubi-project-3"
            },
            "unique_id": "AROARHJJNHFDUA3OZRPLV"
          },
          "sensitive_attributes": [],
          "identity_schema_version": 0,
          "private": "bnVsbA==",
          "dependencies": [
            "data.aws_caller_identity.current",
            "random_string.suffix"
          ]
        }
      ]
    },
    {
      "mode": "managed",
      "type": "aws_iam_role",
      "name": "upload_role",
      "provider": "provider[\"registry.terraform.io/hashicorp/aws\"]",
      "instances": [
        {
          "schema_version": 0,
          "attributes": {
            "arn": "arn:aws:iam::084375583047:role/azubi-project-3-dev-aik77814-upload-role",
            "assume_role_policy": "{\"Statement\":[{\"Action\":\"sts:AssumeRole\",\"Condition\":{\"Bool\":{\"aws:MultiFactorAuthPresent\":\"true\"}},\"Effect\":\"Allow\",\"Principal\":{\"AWS\":\"arn:aws:iam::084375583047:root\"}}],\"Version\":\"2012-10-17\"}",
            "create_date": "2025-09-18T00:18:00Z",
            "description": "",
            "force_detach_policies": false,
            "id": "azubi-project-3-dev-aik77814-upload-role",
            "inline_policy": [],
            "managed_policy_arns": [
              "arn:aws:iam::084375583047:policy/azubi-project-3-dev-aik77814-upload-policy"
            ],
            "max_session_duration": 3600,
            "name": "azubi-project-3-dev-aik77814-upload-role",
            "name_prefix": "",
            "path": "/",
            "permissions_boundary": "",
            "tags": {
              "Name": "azubi-project-3-dev-aik77814-upload-role"
            },
            "tags_all": {
              "CostCenter": "engineering",
              "Environment": "dev",
              "ManagedBy": "Terraform",
              "Name": "azubi-project-3-dev-aik77814-upload-role",
              "Owner": "guderian",
              "Project": "azubi-project-3"
            },
            "unique_id": "AROARHJJNHFDWDIOYDEM3"
          },
          "sensitive_attributes": [],
          "identity_schema_version": 0,
          "private": "bnVsbA==",
          "dependencies": [
            "data.aws_caller_identity.current",
            "random_string.suffix"
          ]
        }
      ]
    },
    {
      "mode": "managed",
      "type": "aws_iam_role_policy",
      "name": "cloudtrail_logs_policy",
      "provider": "provider[\"registry.terraform.io/hashicorp/aws\"]",
      "instances": [
        {
          "schema_version": 0,
          "attributes": {
            "id": "azubi-project-3-dev-aik77814-cloudtrail-cloudwatch-role:azubi-project-3-dev-aik77814-cloudtrail-logs-policy",
            "name": "azubi-project-3-dev-aik77814-cloudtrail-logs-policy",
            "name_prefix": "",
            "policy": "{\"Version\":\"2012-10-17\",\"Statement\":[{\"Action\":[\"logs:CreateLogGroup\",\"logs:CreateLogStream\",\"logs:PutLogEvents\",\"logs:DescribeLogGroups\",\"logs:DescribeLogStreams\"],\"Effect\":\"Allow\",\"Resource\":\"arn:aws:logs:us-east-1:084375583047:log-group:/aws/cloudtrail/azubi-project-3-dev-aik77814:*\"}]}",
            "role": "azubi-project-3-dev-aik77814-cloudtrail-cloudwatch-role"
          },
          "sensitive_attributes": [],
          "identity_schema_version": 0,
          "private": "bnVsbA==",
          "dependencies": [
            "aws_cloudwatch_log_group.cloudtrail",
            "aws_iam_role.cloudtrail_cloudwatch_role",
            "random_string.suffix"
          ]
        }
      ]
    },
    {
      "mode": "managed",
      "type": "aws_iam_role_policy",
      "name": "config_s3_policy",
      "provider": "provider[\"registry.terraform.io/hashicorp/aws\"]",
      "instances": [
        {
          "schema_version": 0,
          "attributes": {
            "id": "azubi-project-3-dev-aik77814-config-role:azubi-project-3-dev-aik77814-config-s3-policy",
            "name": "azubi-project-3-dev-aik77814-config-s3-policy",
            "name_prefix": "",
            "policy": "{\"Version\":\"2012-10-17\",\"Statement\":[{\"Action\":[\"s3:GetBucketAcl\",\"s3:GetBucketLocation\",\"s3:ListBucket\"],\"Effect\":\"Allow\",\"Resource\":\"arn:aws:s3:::azubi-project-3-dev-aik77814-config-bucket\"},{\"Action\":[\"s3:PutObject\",\"s3:GetObject\"],\"Condition\":{\"StringEquals\":{\"s3:x-amz-acl\":\"bucket-owner-full-control\"}},\"Effect\":\"Allow\",\"Resource\":\"arn:aws:s3:::azubi-project-3-dev-aik77814-config-bucket/*\"}]}",
            "role": "azubi-project-3-dev-aik77814-config-role"
          },
          "sensitive_attributes": [],
          "identity_schema_version": 0,
          "private": "bnVsbA==",
          "dependencies": [
            "aws_iam_role.config_role",
            "aws_s3_bucket.config_bucket",
            "random_string.suffix"
          ]
        }
      ]
    },
    {
      "mode": "managed",
      "type": "aws_iam_role_policy_attachment",
      "name": "admin_policy_attachment",
      "provider": "provider[\"registry.terraform.io/hashicorp/aws\"]",
      "instances": [
        {
          "schema_version": 0,
          "attributes": {
            "id": "azubi-project-3-dev-aik77814-admin-role-20250918001830314700000004",
            "policy_arn": "arn:aws:iam::084375583047:policy/azubi-project-3-dev-aik77814-admin-policy",
            "role": "azubi-project-3-dev-aik77814-admin-role"
          },
          "sensitive_attributes": [],
          "identity_schema_version": 0,
          "private": "bnVsbA==",
          "dependencies": [
            "aws_iam_policy.admin_policy",
            "aws_iam_role.admin_role",
            "aws_iam_role.readonly_role",
            "aws_iam_role.upload_role",
            "aws_kms_key.s3_encryption",
            "aws_s3_bucket.access_logs",
            "aws_s3_bucket.secure_uploads",
            "data.aws_caller_identity.current",
            "random_string.suffix"
          ]
        }
      ]
    },
    {
      "mode": "managed",
      "type": "aws_iam_role_policy_attachment",
      "name": "config_role_policy",
      "provider": "provider[\"registry.terraform.io/hashicorp/aws\"]",
      "instances": [
        {
          "schema_version": 0,
          "attributes": {
            "id": "azubi-project-3-dev-aik77814-config-role-20250918001800980400000001",
            "policy_arn": "arn:aws:iam::aws:policy/service-role/AWS_ConfigRole",
            "role": "azubi-project-3-dev-aik77814-config-role"
          },
          "sensitive_attributes": [],
          "identity_schema_version": 0,
          "private": "bnVsbA==",
          "dependencies": [
            "aws_iam_role.config_role",
            "random_string.suffix"
          ]
        }
      ]
    },
    {
      "mode": "managed",
      "type": "aws_iam_role_policy_attachment",
      "name": "readonly_policy_attachment",
      "provider": "provider[\"registry.terraform.io/hashicorp/aws\"]",
      "instances": [
        {
          "schema_version": 0,
          "attributes": {
            "id": "azubi-project-3-dev-aik77814-readonly-role-20250918001806602000000002",
            "policy_arn": "arn:aws:iam::084375583047:policy/azubi-project-3-dev-aik77814-readonly-policy",
            "role": "azubi-project-3-dev-aik77814-readonly-role"
          },
          "sensitive_attributes": [],
          "identity_schema_version": 0,
          "private": "bnVsbA==",
          "dependencies": [
            "aws_iam_policy.readonly_policy",
            "aws_iam_role.readonly_role",
            "aws_s3_bucket.access_logs",
            "aws_s3_bucket.secure_uploads",
            "data.aws_caller_identity.current",
            "random_string.suffix"
          ]
        }
      ]
    },
    {
      "mode": "managed",
      "type": "aws_iam_role_policy_attachment",
      "name": "upload_policy_attachment",
      "provider": "provider[\"registry.terraform.io/hashicorp/aws\"]",
      "instances": [
        {
          "schema_version": 0,
          "attributes": {
            "id": "azubi-project-3-dev-aik77814-upload-role-20250918001830273400000003",
            "policy_arn": "arn:aws:iam::084375583047:policy/azubi-project-3-dev-aik77814-upload-policy",
            "role": "azubi-project-3-dev-aik77814-upload-role"
          },
          "sensitive_attributes": [],
          "identity_schema_version": 0,
          "private": "bnVsbA==",
          "dependencies": [
            "aws_iam_policy.upload_policy",
            "aws_iam_role.admin_role",
            "aws_iam_role.readonly_role",
            "aws_iam_role.upload_role",
            "aws_kms_key.s3_encryption",
            "aws_s3_bucket.secure_uploads",
            "data.aws_caller_identity.current",
            "random_string.suffix"
          ]
        }
      ]
    },
    {
      "mode": "managed",
      "type": "aws_kms_alias",
      "name": "s3_encryption",
      "provider": "provider[\"registry.terraform.io/hashicorp/aws\"]",
      "instances": [
        {
          "schema_version": 0,
          "attributes": {
            "arn": "arn:aws:kms:us-east-1:084375583047:alias/azubi-project-3-dev-aik77814-s3-key",
            "id": "alias/azubi-project-3-dev-aik77814-s3-key",
            "name": "alias/azubi-project-3-dev-aik77814-s3-key",
            "name_prefix": "",
            "target_key_arn": "arn:aws:kms:us-east-1:084375583047:key/58221d5e-11c5-40c9-afae-dbfd5dcdf4e1",
            "target_key_id": "58221d5e-11c5-40c9-afae-dbfd5dcdf4e1"
          },
          "sensitive_attributes": [],
          "identity_schema_version": 0,
          "private": "bnVsbA==",
          "dependencies": [
            "aws_iam_role.admin_role",
            "aws_iam_role.readonly_role",
            "aws_iam_role.upload_role",
            "aws_kms_key.s3_encryption",
            "data.aws_caller_identity.current",
            "random_string.suffix"
          ]
        }
      ]
    },
    {
      "mode": "managed",
      "type": "aws_kms_key",
      "name": "s3_encryption",
      "provider": "provider[\"registry.terraform.io/hashicorp/aws\"]",
      "instances": [
        {
          "schema_version": 0,
          "attributes": {
            "arn": "arn:aws:kms:us-east-1:084375583047:key/58221d5e-11c5-40c9-afae-dbfd5dcdf4e1",
            "bypass_policy_lockout_safety_check": false,
            "custom_key_store_id": "",
            "customer_master_key_spec": "SYMMETRIC_DEFAULT",
            "deletion_window_in_days": 7,
            "description": "KMS key for S3 bucket encryption",
            "enable_key_rotation": true,
            "id": "58221d5e-11c5-40c9-afae-dbfd5dcdf4e1",
            "is_enabled": true,
            "key_id": "58221d5e-11c5-40c9-afae-dbfd5dcdf4e1",
            "key_usage": "ENCRYPT_DECRYPT",
            "multi_region": false,
            "policy": "{\"Statement\":[{\"Action\":\"kms:*\",\"Effect\":\"Allow\",\"Principal\":{\"AWS\":\"arn:aws:iam::084375583047:root\"},\"Resource\":\"*\",\"Sid\":\"Enable IAM User Permissions\"},{\"Action\":[\"kms:Encrypt\",\"kms:Decrypt\",\"kms:ReEncrypt*\",\"kms:GenerateDataKey*\",\"kms:DescribeKey\"],\"Effect\":\"Allow\",\"Principal\":{\"AWS\":[\"arn:aws:iam::084375583047:role/azubi-project-3-dev-aik77814-upload-role\",\"arn:aws:iam::084375583047:role/azubi-project-3-dev-aik77814-admin-role\",\"arn:aws:iam::084375583047:role/azubi-project-3-dev-aik77814-readonly-role\"]},\"Resource\":\"*\",\"Sid\":\"Allow use of the key\"}],\"Version\":\"2012-10-17\"}",
            "rotation_period_in_days": 365,
            "tags": {
              "Name": "azubi-project-3-dev-aik77814-kms-key"
            },
            "tags_all": {
              "CostCenter": "engineering",
              "Environment": "dev",
              "ManagedBy": "Terraform",
              "Name": "azubi-project-3-dev-aik77814-kms-key",
              "Owner": "guderian",
              "Project": "azubi-project-3"
            },
            "timeouts": null,
            "xks_key_id": ""
          },
          "sensitive_attributes": [],
          "identity_schema_version": 0,
          "private": "eyJlMmJmYjczMC1lY2FhLTExZTYtOGY4OC0zNDM2M2JjN2M0YzAiOnsiY3JlYXRlIjoxMjAwMDAwMDAwMDB9fQ==",
          "dependencies": [
            "aws_iam_role.admin_role",
            "aws_iam_role.readonly_role",
            "aws_iam_role.upload_role",
            "data.aws_caller_identity.current",
            "random_string.suffix"
          ]
        }
      ]
    },
    {
      "mode": "managed",
      "type": "aws_s3_bucket",
      "name": "access_logs",
      "provider": "provider[\"registry.terraform.io/hashicorp/aws\"]",
      "instances": [
        {
          "schema_version": 0,
          "attributes": {
            "acceleration_status": "",
            "acl": null,
            "arn": "arn:aws:s3:::azubi-project-3-dev-aik77814-access-logs",
            "bucket": "azubi-project-3-dev-aik77814-access-logs",
            "bucket_domain_name": "azubi-project-3-dev-aik77814-access-logs.s3.amazonaws.com",
            "bucket_prefix": "",
            "bucket_regional_domain_name": "azubi-project-3-dev-aik77814-access-logs.s3.us-east-1.amazonaws.com",
            "cors_rule": [],
            "force_destroy": false,
            "grant": [
              {
                "id": "cff204dbf8c908dddb85d4179be9ab2d1b29929e48c81fa1407e9b1e7d4bf05f",
                "permissions": [
                  "FULL_CONTROL"
                ],
                "type": "CanonicalUser",
                "uri": ""
              }
            ],
            "hosted_zone_id": "Z3AQBSTGFYJSTF",
            "id": "azubi-project-3-dev-aik77814-access-logs",
            "lifecycle_rule": [],
            "logging": [],
            "object_lock_configuration": [],
            "object_lock_enabled": false,
            "policy": "",
            "region": "us-east-1",
            "replication_configuration": [],
            "request_payer": "BucketOwner",
            "server_side_encryption_configuration": [
              {
                "rule": [
                  {
                    "apply_server_side_encryption_by_default": [
                      {
                        "kms_master_key_id": "",
                        "sse_algorithm": "AES256"
                      }
                    ],
                    "bucket_key_enabled": false
                  }
                ]
              }
            ],
            "tags": {
              "Name": "azubi-project-3-dev-aik77814-access-logs"
            },
            "tags_all": {
              "CostCenter": "engineering",
              "Environment": "dev",
              "ManagedBy": "Terraform",
              "Name": "azubi-project-3-dev-aik77814-access-logs",
              "Owner": "guderian",
              "Project": "azubi-project-3"
            },
            "timeouts": null,
            "versioning": [
              {
                "enabled": false,
                "mfa_delete": false
              }
            ],
            "website": [],
            "website_domain": null,
            "website_endpoint": null
          },
          "sensitive_attributes": [],
          "identity_schema_version": 0,
          "private": "eyJlMmJmYjczMC1lY2FhLTExZTYtOGY4OC0zNDM2M2JjN2M0YzAiOnsiY3JlYXRlIjoxMjAwMDAwMDAwMDAwLCJkZWxldGUiOjM2MDAwMDAwMDAwMDAsInJlYWQiOjEyMDAwMDAwMDAwMDAsInVwZGF0ZSI6MTIwMDAwMDAwMDAwMH19",
          "dependencies": [
            "random_string.suffix"
          ]
        }
      ]
    },
    {
      "mode": "managed",
      "type": "aws_s3_bucket",
      "name": "cloudtrail_logs",
      "provider": "provider[\"registry.terraform.io/hashicorp/aws\"]",
      "instances": [
        {
          "schema_version": 0,
          "attributes": {
            "acceleration_status": "",
            "acl": null,
            "arn": "arn:aws:s3:::azubi-project-3-dev-aik77814-cloudtrail-logs",
            "bucket": "azubi-project-3-dev-aik77814-cloudtrail-logs",
            "bucket_domain_name": "azubi-project-3-dev-aik77814-cloudtrail-logs.s3.amazonaws.com",
            "bucket_prefix": "",
            "bucket_regional_domain_name": "azubi-project-3-dev-aik77814-cloudtrail-logs.s3.us-east-1.amazonaws.com",
            "cors_rule": [],
            "force_destroy": false,
            "grant": [
              {
                "id": "cff204dbf8c908dddb85d4179be9ab2d1b29929e48c81fa1407e9b1e7d4bf05f",
                "permissions": [
                  "FULL_CONTROL"
                ],
                "type": "CanonicalUser",
                "uri": ""
              }
            ],
            "hosted_zone_id": "Z3AQBSTGFYJSTF",
            "id": "azubi-project-3-dev-aik77814-cloudtrail-logs",
            "lifecycle_rule": [],
            "logging": [],
            "object_lock_configuration": [],
            "object_lock_enabled": false,
            "policy": "{\"Statement\":[{\"Action\":\"s3:GetBucketAcl\",\"Condition\":{\"StringEquals\":{\"aws:SourceArn\":\"arn:aws:cloudtrail:us-east-1:084375583047:trail/azubi-project-3-dev-aik77814-cloudtrail\"}},\"Effect\":\"Allow\",\"Principal\":{\"Service\":\"cloudtrail.amazonaws.com\"},\"Resource\":\"arn:aws:s3:::azubi-project-3-dev-aik77814-cloudtrail-logs\",\"Sid\":\"AWSCloudTrailAclCheck\"},{\"Action\":\"s3:PutObject\",\"Condition\":{\"StringEquals\":{\"aws:SourceArn\":\"arn:aws:cloudtrail:us-east-1:084375583047:trail/azubi-project-3-dev-aik77814-cloudtrail\",\"s3:x-amz-acl\":\"bucket-owner-full-control\"}},\"Effect\":\"Allow\",\"Principal\":{\"Service\":\"cloudtrail.amazonaws.com\"},\"Resource\":\"arn:aws:s3:::azubi-project-3-dev-aik77814-cloudtrail-logs/*\",\"Sid\":\"AWSCloudTrailWrite\"}],\"Version\":\"2012-10-17\"}",
            "region": "us-east-1",
            "replication_configuration": [],
            "request_payer": "BucketOwner",
            "server_side_encryption_configuration": [
              {
                "rule": [
                  {
                    "apply_server_side_encryption_by_default": [
                      {
                        "kms_master_key_id": "",
                        "sse_algorithm": "AES256"
                      }
                    ],
                    "bucket_key_enabled": false
                  }
                ]
              }
            ],
            "tags": {
              "Name": "azubi-project-3-dev-aik77814-cloudtrail-logs"
            },
            "tags_all": {
              "CostCenter": "engineering",
              "Environment": "dev",
              "ManagedBy": "Terraform",
              "Name": "azubi-project-3-dev-aik77814-cloudtrail-logs",
              "Owner": "guderian",
              "Project": "azubi-project-3"
            },
            "timeouts": null,
            "versioning": [
              {
                "enabled": true,
                "mfa_delete": false
              }
            ],
            "website": [],
            "website_domain": null,
            "website_endpoint": null
          },
          "sensitive_attributes": [],
          "identity_schema_version": 0,
          "private": "eyJlMmJmYjczMC1lY2FhLTExZTYtOGY4OC0zNDM2M2JjN2M0YzAiOnsiY3JlYXRlIjoxMjAwMDAwMDAwMDAwLCJkZWxldGUiOjM2MDAwMDAwMDAwMDAsInJlYWQiOjEyMDAwMDAwMDAwMDAsInVwZGF0ZSI6MTIwMDAwMDAwMDAwMH19",
          "dependencies": [
            "random_string.suffix"
          ]
        }
      ]
    },
    {
      "mode": "managed",
      "type": "aws_s3_bucket",
      "name": "config_bucket",
      "provider": "provider[\"registry.terraform.io/hashicorp/aws\"]",
      "instances": [
        {
          "schema_version": 0,
          "attributes": {
            "acceleration_status": "",
            "acl": null,
            "arn": "arn:aws:s3:::azubi-project-3-dev-aik77814-config-bucket",
            "bucket": "azubi-project-3-dev-aik77814-config-bucket",
            "bucket_domain_name": "azubi-project-3-dev-aik77814-config-bucket.s3.amazonaws.com",
            "bucket_prefix": "",
            "bucket_regional_domain_name": "azubi-project-3-dev-aik77814-config-bucket.s3.us-east-1.amazonaws.com",
            "cors_rule": [],
            "force_destroy": false,
            "grant": [
              {
                "id": "cff204dbf8c908dddb85d4179be9ab2d1b29929e48c81fa1407e9b1e7d4bf05f",
                "permissions": [
                  "FULL_CONTROL"
                ],
                "type": "CanonicalUser",
                "uri": ""
              }
            ],
            "hosted_zone_id": "Z3AQBSTGFYJSTF",
            "id": "azubi-project-3-dev-aik77814-config-bucket",
            "lifecycle_rule": [],
            "logging": [],
            "object_lock_configuration": [],
            "object_lock_enabled": false,
            "policy": "{\"Statement\":[{\"Action\":\"s3:GetBucketAcl\",\"Condition\":{\"StringEquals\":{\"AWS:SourceAccount\":\"084375583047\"}},\"Effect\":\"Allow\",\"Principal\":{\"Service\":\"config.amazonaws.com\"},\"Resource\":\"arn:aws:s3:::azubi-project-3-dev-aik77814-config-bucket\",\"Sid\":\"AWSConfigBucketPermissionsCheck\"},{\"Action\":\"s3:ListBucket\",\"Condition\":{\"StringEquals\":{\"AWS:SourceAccount\":\"084375583047\"}},\"Effect\":\"Allow\",\"Principal\":{\"Service\":\"config.amazonaws.com\"},\"Resource\":\"arn:aws:s3:::azubi-project-3-dev-aik77814-config-bucket\",\"Sid\":\"AWSConfigBucketExistenceCheck\"},{\"Action\":\"s3:PutObject\",\"Condition\":{\"StringEquals\":{\"AWS:SourceAccount\":\"084375583047\",\"s3:x-amz-acl\":\"bucket-owner-full-control\"}},\"Effect\":\"Allow\",\"Principal\":{\"Service\":\"config.amazonaws.com\"},\"Resource\":\"arn:aws:s3:::azubi-project-3-dev-aik77814-config-bucket/*\",\"Sid\":\"AWSConfigBucketDelivery\"}],\"Version\":\"2012-10-17\"}",
            "region": "us-east-1",
            "replication_configuration": [],
            "request_payer": "BucketOwner",
            "server_side_encryption_configuration": [
              {
                "rule": [
                  {
                    "apply_server_side_encryption_by_default": [
                      {
                        "kms_master_key_id": "",
                        "sse_algorithm": "AES256"
                      }
                    ],
                    "bucket_key_enabled": false
                  }
                ]
              }
            ],
            "tags": {
              "Name": "azubi-project-3-dev-aik77814-config-bucket"
            },
            "tags_all": {
              "CostCenter": "engineering",
              "Environment": "dev",
              "ManagedBy": "Terraform",
              "Name": "azubi-project-3-dev-aik77814-config-bucket",
              "Owner": "guderian",
              "Project": "azubi-project-3"
            },
            "timeouts": null,
            "versioning": [
              {
                "enabled": true,
                "mfa_delete": false
              }
            ],
            "website": [],
            "website_domain": null,
            "website_endpoint": null
          },
          "sensitive_attributes": [],
          "identity_schema_version": 0,
          "private": "eyJlMmJmYjczMC1lY2FhLTExZTYtOGY4OC0zNDM2M2JjN2M0YzAiOnsiY3JlYXRlIjoxMjAwMDAwMDAwMDAwLCJkZWxldGUiOjM2MDAwMDAwMDAwMDAsInJlYWQiOjEyMDAwMDAwMDAwMDAsInVwZGF0ZSI6MTIwMDAwMDAwMDAwMH19",
          "dependencies": [
            "random_string.suffix"
          ]
        }
      ]
    },
    {
      "mode": "managed",
      "type": "aws_s3_bucket",
      "name": "secure_uploads",
      "provider": "provider[\"registry.terraform.io/hashicorp/aws\"]",
      "instances": [
        {
          "schema_version": 0,
          "attributes": {
            "acceleration_status": "",
            "acl": null,
            "arn": "arn:aws:s3:::azubi-project-3-dev-aik77814-secure-uploads",
            "bucket": "azubi-project-3-dev-aik77814-secure-uploads",
            "bucket_domain_name": "azubi-project-3-dev-aik77814-secure-uploads.s3.amazonaws.com",
            "bucket_prefix": "",
            "bucket_regional_domain_name": "azubi-project-3-dev-aik77814-secure-uploads.s3.us-east-1.amazonaws.com",
            "cors_rule": [],
            "force_destroy": false,
            "grant": [
              {
                "id": "cff204dbf8c908dddb85d4179be9ab2d1b29929e48c81fa1407e9b1e7d4bf05f",
                "permissions": [
                  "FULL_CONTROL"
                ],
                "type": "CanonicalUser",
                "uri": ""
              }
            ],
            "hosted_zone_id": "Z3AQBSTGFYJSTF",
            "id": "azubi-project-3-dev-aik77814-secure-uploads",
            "lifecycle_rule": [
              {
                "abort_incomplete_multipart_upload_days": 1,
                "enabled": true,
                "expiration": [],
                "id": "multipart_cleanup",
                "noncurrent_version_expiration": [],
                "noncurrent_version_transition": [],
                "prefix": "",
                "tags": {},
                "transition": []
              },
              {
                "abort_incomplete_multipart_upload_days": 0,
                "enabled": true,
                "expiration": [],
                "id": "transition_to_ia",
                "noncurrent_version_expiration": [],
                "noncurrent_version_transition": [],
                "prefix": "",
                "tags": {},
                "transition": [
                  {
                    "date": "",
                    "days": 30,
                    "storage_class": "STANDARD_IA"
                  },
                  {
                    "date": "",
                    "days": 365,
                    "storage_class": "DEEP_ARCHIVE"
                  },
                  {
                    "date": "",
                    "days": 90,
                    "storage_class": "GLACIER"
                  }
                ]
              },
              {
                "abort_incomplete_multipart_upload_days": 0,
                "enabled": true,
                "expiration": [],
                "id": "delete_old_versions",
                "noncurrent_version_expiration": [
                  {
                    "days": 90
                  }
                ],
                "noncurrent_version_transition": [],
                "prefix": "",
                "tags": {},
                "transition": []
              }
            ],
            "logging": [
              {
                "target_bucket": "azubi-project-3-dev-aik77814-access-logs",
                "target_prefix": "access-logs/"
              }
            ],
            "object_lock_configuration": [],
            "object_lock_enabled": false,
            "policy": "{\"Statement\":[{\"Action\":\"s3:*\",\"Condition\":{\"Bool\":{\"aws:SecureTransport\":\"false\"}},\"Effect\":\"Deny\",\"Principal\":\"*\",\"Resource\":[\"arn:aws:s3:::azubi-project-3-dev-aik77814-secure-uploads\",\"arn:aws:s3:::azubi-project-3-dev-aik77814-secure-uploads/*\"],\"Sid\":\"DenyUnSecureCommunications\"},{\"Action\":\"s3:PutObject\",\"Condition\":{\"StringNotEquals\":{\"s3:x-amz-server-side-encryption\":\"aws:kms\"}},\"Effect\":\"Deny\",\"Principal\":\"*\",\"Resource\":\"arn:aws:s3:::azubi-project-3-dev-aik77814-secure-uploads/*\",\"Sid\":\"DenyUnencryptedObjectUploads\"}],\"Version\":\"2012-10-17\"}",
            "region": "us-east-1",
            "replication_configuration": [],
            "request_payer": "BucketOwner",
            "server_side_encryption_configuration": [
              {
                "rule": [
                  {
                    "apply_server_side_encryption_by_default": [
                      {
                        "kms_master_key_id": "arn:aws:kms:us-east-1:084375583047:key/58221d5e-11c5-40c9-afae-dbfd5dcdf4e1",
                        "sse_algorithm": "aws:kms"
                      }
                    ],
                    "bucket_key_enabled": true
                  }
                ]
              }
            ],
            "tags": {
              "Name": "azubi-project-3-dev-aik77814-secure-uploads"
            },
            "tags_all": {
              "CostCenter": "engineering",
              "Environment": "dev",
              "ManagedBy": "Terraform",
              "Name": "azubi-project-3-dev-aik77814-secure-uploads",
              "Owner": "guderian",
              "Project": "azubi-project-3"
            },
            "timeouts": null,
            "versioning": [
              {
                "enabled": true,
                "mfa_delete": false
              }
            ],
            "website": [],
            "website_domain": null,
            "website_endpoint": null
          },
          "sensitive_attributes": [],
          "identity_schema_version": 0,
          "private": "eyJlMmJmYjczMC1lY2FhLTExZTYtOGY4OC0zNDM2M2JjN2M0YzAiOnsiY3JlYXRlIjoxMjAwMDAwMDAwMDAwLCJkZWxldGUiOjM2MDAwMDAwMDAwMDAsInJlYWQiOjEyMDAwMDAwMDAwMDAsInVwZGF0ZSI6MTIwMDAwMDAwMDAwMH19",
          "dependencies": [
            "random_string.suffix"
          ]
        }
      ]
    },
    {
      "mode": "managed",
      "type": "aws_s3_bucket_lifecycle_configuration",
      "name": "secure_uploads",
      "provider": "provider[\"registry.terraform.io/hashicorp/aws\"]",
      "instances": [
        {
          "schema_version": 1,
          "attributes": {
            "bucket": "azubi-project-3-dev-aik77814-secure-uploads",
            "expected_bucket_owner": "",
            "id": "azubi-project-3-dev-aik77814-secure-uploads",
            "rule": [
              {
                "abort_incomplete_multipart_upload": [
                  {
                    "days_after_initiation": 1
                  }
                ],
                "expiration": [],
                "filter": [
                  {
                    "and": [],
                    "object_size_greater_than": null,
                    "object_size_less_than": null,
                    "prefix": "",
                    "tag": []
                  }
                ],
                "id": "multipart_cleanup",
                "noncurrent_version_expiration": [],
                "noncurrent_version_transition": [],
                "prefix": "",
                "status": "Enabled",
                "transition": []
              },
              {
                "abort_incomplete_multipart_upload": [],
                "expiration": [],
                "filter": [
                  {
                    "and": [],
                    "object_size_greater_than": null,
                    "object_size_less_than": null,
                    "prefix": "",
                    "tag": []
                  }
                ],
                "id": "transition_to_ia",
                "noncurrent_version_expiration": [],
                "noncurrent_version_transition": [],
                "prefix": "",
                "status": "Enabled",
                "transition": [
                  {
                    "date": null,
                    "days": 30,
                    "storage_class": "STANDARD_IA"
                  },
                  {
                    "date": null,
                    "days": 365,
                    "storage_class": "DEEP_ARCHIVE"
                  },
                  {
                    "date": null,
                    "days": 90,
                    "storage_class": "GLACIER"
                  }
                ]
              },
              {
                "abort_incomplete_multipart_upload": [],
                "expiration": [],
                "filter": [
                  {
                    "and": [],
                    "object_size_greater_than": null,
                    "object_size_less_than": null,
                    "prefix": "",
                    "tag": []
                  }
                ],
                "id": "delete_old_versions",
                "noncurrent_version_expiration": [
                  {
                    "newer_noncurrent_versions": null,
                    "noncurrent_days": 90
                  }
                ],
                "noncurrent_version_transition": [],
                "prefix": "",
                "status": "Enabled",
                "transition": []
              }
            ],
            "timeouts": null,
            "transition_default_minimum_object_size": "all_storage_classes_128K"
          },
          "sensitive_attributes": [],
          "identity_schema_version": 0,
          "dependencies": [
            "aws_s3_bucket.secure_uploads",
            "random_string.suffix"
          ]
        }
      ]
    },
    {
      "mode": "managed",
      "type": "aws_s3_bucket_logging",
      "name": "secure_uploads",
      "provider": "provider[\"registry.terraform.io/hashicorp/aws\"]",
      "instances": [
        {
          "schema_version": 0,
          "attributes": {
            "bucket": "azubi-project-3-dev-aik77814-secure-uploads",
            "expected_bucket_owner": "",
            "id": "azubi-project-3-dev-aik77814-secure-uploads",
            "target_bucket": "azubi-project-3-dev-aik77814-access-logs",
            "target_grant": [],
            "target_object_key_format": [],
            "target_prefix": "access-logs/"
          },
          "sensitive_attributes": [],
          "identity_schema_version": 0,
          "private": "bnVsbA==",
          "dependencies": [
            "aws_s3_bucket.access_logs",
            "aws_s3_bucket.secure_uploads",
            "random_string.suffix"
          ]
        }
      ]
    },
    {
      "mode": "managed",
      "type": "aws_s3_bucket_policy",
      "name": "cloudtrail_logs",
      "provider": "provider[\"registry.terraform.io/hashicorp/aws\"]",
      "instances": [
        {
          "schema_version": 0,
          "attributes": {
            "bucket": "azubi-project-3-dev-aik77814-cloudtrail-logs",
            "id": "azubi-project-3-dev-aik77814-cloudtrail-logs",
            "policy": "{\"Statement\":[{\"Action\":\"s3:GetBucketAcl\",\"Condition\":{\"StringEquals\":{\"aws:SourceArn\":\"arn:aws:cloudtrail:us-east-1:084375583047:trail/azubi-project-3-dev-aik77814-cloudtrail\"}},\"Effect\":\"Allow\",\"Principal\":{\"Service\":\"cloudtrail.amazonaws.com\"},\"Resource\":\"arn:aws:s3:::azubi-project-3-dev-aik77814-cloudtrail-logs\",\"Sid\":\"AWSCloudTrailAclCheck\"},{\"Action\":\"s3:PutObject\",\"Condition\":{\"StringEquals\":{\"aws:SourceArn\":\"arn:aws:cloudtrail:us-east-1:084375583047:trail/azubi-project-3-dev-aik77814-cloudtrail\",\"s3:x-amz-acl\":\"bucket-owner-full-control\"}},\"Effect\":\"Allow\",\"Principal\":{\"Service\":\"cloudtrail.amazonaws.com\"},\"Resource\":\"arn:aws:s3:::azubi-project-3-dev-aik77814-cloudtrail-logs/*\",\"Sid\":\"AWSCloudTrailWrite\"}],\"Version\":\"2012-10-17\"}"
          },
          "sensitive_attributes": [],
          "identity_schema_version": 0,
          "private": "bnVsbA==",
          "dependencies": [
            "aws_s3_bucket.cloudtrail_logs",
            "data.aws_caller_identity.current",
            "data.aws_region.current",
            "random_string.suffix"
          ]
        }
      ]
    },
    {
      "mode": "managed",
      "type": "aws_s3_bucket_policy",
      "name": "config_bucket",
      "provider": "provider[\"registry.terraform.io/hashicorp/aws\"]",
      "instances": [
        {
          "schema_version": 0,
          "attributes": {
            "bucket": "azubi-project-3-dev-aik77814-config-bucket",
            "id": "azubi-project-3-dev-aik77814-config-bucket",
            "policy": "{\"Statement\":[{\"Action\":\"s3:GetBucketAcl\",\"Condition\":{\"StringEquals\":{\"AWS:SourceAccount\":\"084375583047\"}},\"Effect\":\"Allow\",\"Principal\":{\"Service\":\"config.amazonaws.com\"},\"Resource\":\"arn:aws:s3:::azubi-project-3-dev-aik77814-config-bucket\",\"Sid\":\"AWSConfigBucketPermissionsCheck\"},{\"Action\":\"s3:ListBucket\",\"Condition\":{\"StringEquals\":{\"AWS:SourceAccount\":\"084375583047\"}},\"Effect\":\"Allow\",\"Principal\":{\"Service\":\"config.amazonaws.com\"},\"Resource\":\"arn:aws:s3:::azubi-project-3-dev-aik77814-config-bucket\",\"Sid\":\"AWSConfigBucketExistenceCheck\"},{\"Action\":\"s3:PutObject\",\"Condition\":{\"StringEquals\":{\"AWS:SourceAccount\":\"084375583047\",\"s3:x-amz-acl\":\"bucket-owner-full-control\"}},\"Effect\":\"Allow\",\"Principal\":{\"Service\":\"config.amazonaws.com\"},\"Resource\":\"arn:aws:s3:::azubi-project-3-dev-aik77814-config-bucket/*\",\"Sid\":\"AWSConfigBucketDelivery\"}],\"Version\":\"2012-10-17\"}"
          },
          "sensitive_attributes": [],
          "identity_schema_version": 0,
          "private": "bnVsbA==",
          "dependencies": [
            "aws_s3_bucket.config_bucket",
            "data.aws_caller_identity.current",
            "random_string.suffix"
          ]
        }
      ]
    },
    {
      "mode": "managed",
      "type": "aws_s3_bucket_policy",
      "name": "secure_uploads",
      "provider": "provider[\"registry.terraform.io/hashicorp/aws\"]",
      "instances": [
        {
          "schema_version": 0,
          "attributes": {
            "bucket": "azubi-project-3-dev-aik77814-secure-uploads",
            "id": "azubi-project-3-dev-aik77814-secure-uploads",
            "policy": "{\"Statement\":[{\"Action\":\"s3:*\",\"Condition\":{\"Bool\":{\"aws:SecureTransport\":\"false\"}},\"Effect\":\"Deny\",\"Principal\":\"*\",\"Resource\":[\"arn:aws:s3:::azubi-project-3-dev-aik77814-secure-uploads\",\"arn:aws:s3:::azubi-project-3-dev-aik77814-secure-uploads/*\"],\"Sid\":\"DenyUnSecureCommunications\"},{\"Action\":\"s3:PutObject\",\"Condition\":{\"StringNotEquals\":{\"s3:x-amz-server-side-encryption\":\"aws:kms\"}},\"Effect\":\"Deny\",\"Principal\":\"*\",\"Resource\":\"arn:aws:s3:::azubi-project-3-dev-aik77814-secure-uploads/*\",\"Sid\":\"DenyUnencryptedObjectUploads\"}],\"Version\":\"2012-10-17\"}"
          },
          "sensitive_attributes": [],
          "identity_schema_version": 0,
          "private": "bnVsbA==",
          "dependencies": [
            "aws_s3_bucket.secure_uploads",
            "random_string.suffix"
          ]
        }
      ]
    },
    {
      "mode": "managed",
      "type": "aws_s3_bucket_public_access_block",
      "name": "access_logs",
      "provider": "provider[\"registry.terraform.io/hashicorp/aws\"]",
      "instances": [
        {
          "schema_version": 0,
          "attributes": {
            "block_public_acls": true,
            "block_public_policy": true,
            "bucket": "azubi-project-3-dev-aik77814-access-logs",
            "id": "azubi-project-3-dev-aik77814-access-logs",
            "ignore_public_acls": true,
            "restrict_public_buckets": true
          },
          "sensitive_attributes": [],
          "identity_schema_version": 0,
          "private": "bnVsbA==",
          "dependencies": [
            "aws_s3_bucket.access_logs",
            "random_string.suffix"
          ]
        }
      ]
    },
    {
      "mode": "managed",
      "type": "aws_s3_bucket_public_access_block",
      "name": "cloudtrail_logs",
      "provider": "provider[\"registry.terraform.io/hashicorp/aws\"]",
      "instances": [
        {
          "schema_version": 0,
          "attributes": {
            "block_public_acls": true,
            "block_public_policy": true,
            "bucket": "azubi-project-3-dev-aik77814-cloudtrail-logs",
            "id": "azubi-project-3-dev-aik77814-cloudtrail-logs",
            "ignore_public_acls": true,
            "restrict_public_buckets": true
          },
          "sensitive_attributes": [],
          "identity_schema_version": 0,
          "private": "bnVsbA==",
          "dependencies": [
            "aws_s3_bucket.cloudtrail_logs",
            "random_string.suffix"
          ]
        }
      ]
    },
    {
      "mode": "managed",
      "type": "aws_s3_bucket_public_access_block",
      "name": "config_bucket",
      "provider": "provider[\"registry.terraform.io/hashicorp/aws\"]",
      "instances": [
        {
          "schema_version": 0,
          "attributes": {
            "block_public_acls": true,
            "block_public_policy": true,
            "bucket": "azubi-project-3-dev-aik77814-config-bucket",
            "id": "azubi-project-3-dev-aik77814-config-bucket",
            "ignore_public_acls": true,
            "restrict_public_buckets": true
          },
          "sensitive_attributes": [],
          "identity_schema_version": 0,
          "private": "bnVsbA==",
          "dependencies": [
            "aws_s3_bucket.config_bucket",
            "random_string.suffix"
          ]
        }
      ]
    },
    {
      "mode": "managed",
      "type": "aws_s3_bucket_public_access_block",
      "name": "secure_uploads",
      "provider": "provider[\"registry.terraform.io/hashicorp/aws\"]",
      "instances": [
        {
          "schema_version": 0,
          "attributes": {
            "block_public_acls": true,
            "block_public_policy": true,
            "bucket": "azubi-project-3-dev-aik77814-secure-uploads",
            "id": "azubi-project-3-dev-aik77814-secure-uploads",
            "ignore_public_acls": true,
            "restrict_public_buckets": true
          },
          "sensitive_attributes": [],
          "identity_schema_version": 0,
          "private": "bnVsbA==",
          "dependencies": [
            "aws_s3_bucket.secure_uploads",
            "random_string.suffix"
          ]
        }
      ]
    },
    {
      "mode": "managed",
      "type": "aws_s3_bucket_server_side_encryption_configuration",
      "name": "cloudtrail_logs",
      "provider": "provider[\"registry.terraform.io/hashicorp/aws\"]",
      "instances": [
        {
          "schema_version": 0,
          "attributes": {
            "bucket": "azubi-project-3-dev-aik77814-cloudtrail-logs",
            "expected_bucket_owner": "",
            "id": "azubi-project-3-dev-aik77814-cloudtrail-logs",
            "rule": [
              {
                "apply_server_side_encryption_by_default": [
                  {
                    "kms_master_key_id": "",
                    "sse_algorithm": "AES256"
                  }
                ],
                "bucket_key_enabled": false
              }
            ]
          },
          "sensitive_attributes": [],
          "identity_schema_version": 0,
          "private": "bnVsbA==",
          "dependencies": [
            "aws_s3_bucket.cloudtrail_logs",
            "random_string.suffix"
          ]
        }
      ]
    },
    {
      "mode": "managed",
      "type": "aws_s3_bucket_server_side_encryption_configuration",
      "name": "config_bucket",
      "provider": "provider[\"registry.terraform.io/hashicorp/aws\"]",
      "instances": [
        {
          "schema_version": 0,
          "attributes": {
            "bucket": "azubi-project-3-dev-aik77814-config-bucket",
            "expected_bucket_owner": "",
            "id": "azubi-project-3-dev-aik77814-config-bucket",
            "rule": [
              {
                "apply_server_side_encryption_by_default": [
                  {
                    "kms_master_key_id": "",
                    "sse_algorithm": "AES256"
                  }
                ],
                "bucket_key_enabled": false
              }
            ]
          },
          "sensitive_attributes": [],
          "identity_schema_version": 0,
          "private": "bnVsbA==",
          "dependencies": [
            "aws_s3_bucket.config_bucket",
            "random_string.suffix"
          ]
        }
      ]
    },
    {
      "mode": "managed",
      "type": "aws_s3_bucket_server_side_encryption_configuration",
      "name": "secure_uploads",
      "provider": "provider[\"registry.terraform.io/hashicorp/aws\"]",
      "instances": [
        {
          "schema_version": 0,
          "attributes": {
            "bucket": "azubi-project-3-dev-aik77814-secure-uploads",
            "expected_bucket_owner": "",
            "id": "azubi-project-3-dev-aik77814-secure-uploads",
            "rule": [
              {
                "apply_server_side_encryption_by_default": [
                  {
                    "kms_master_key_id": "arn:aws:kms:us-east-1:084375583047:key/58221d5e-11c5-40c9-afae-dbfd5dcdf4e1",
                    "sse_algorithm": "aws:kms"
                  }
                ],
                "bucket_key_enabled": true
              }
            ]
          },
          "sensitive_attributes": [],
          "identity_schema_version": 0,
          "private": "bnVsbA==",
          "dependencies": [
            "aws_iam_role.admin_role",
            "aws_iam_role.readonly_role",
            "aws_iam_role.upload_role",
            "aws_kms_key.s3_encryption",
            "aws_s3_bucket.secure_uploads",
            "data.aws_caller_identity.current",
            "random_string.suffix"
          ]
        }
      ]
    },
    {
      "mode": "managed",
      "type": "aws_s3_bucket_versioning",
      "name": "cloudtrail_logs",
      "provider": "provider[\"registry.terraform.io/hashicorp/aws\"]",
      "instances": [
        {
          "schema_version": 0,
          "attributes": {
            "bucket": "azubi-project-3-dev-aik77814-cloudtrail-logs",
            "expected_bucket_owner": "",
            "id": "azubi-project-3-dev-aik77814-cloudtrail-logs",
            "mfa": null,
            "versioning_configuration": [
              {
                "mfa_delete": "",
                "status": "Enabled"
              }
            ]
          },
          "sensitive_attributes": [],
          "identity_schema_version": 0,
          "private": "bnVsbA==",
          "dependencies": [
            "aws_s3_bucket.cloudtrail_logs",
            "random_string.suffix"
          ]
        }
      ]
    },
    {
      "mode": "managed",
      "type": "aws_s3_bucket_versioning",
      "name": "config_bucket",
      "provider": "provider[\"registry.terraform.io/hashicorp/aws\"]",
      "instances": [
        {
          "schema_version": 0,
          "attributes": {
            "bucket": "azubi-project-3-dev-aik77814-config-bucket",
            "expected_bucket_owner": "",
            "id": "azubi-project-3-dev-aik77814-config-bucket",
            "mfa": null,
            "versioning_configuration": [
              {
                "mfa_delete": "",
                "status": "Enabled"
              }
            ]
          },
          "sensitive_attributes": [],
          "identity_schema_version": 0,
          "private": "bnVsbA==",
          "dependencies": [
            "aws_s3_bucket.config_bucket",
            "random_string.suffix"
          ]
        }
      ]
    },
    {
      "mode": "managed",
      "type": "aws_s3_bucket_versioning",
      "name": "secure_uploads",
      "provider": "provider[\"registry.terraform.io/hashicorp/aws\"]",
      "instances": [
        {
          "schema_version": 0,
          "attributes": {
            "bucket": "azubi-project-3-dev-aik77814-secure-uploads",
            "expected_bucket_owner": "",
            "id": "azubi-project-3-dev-aik77814-secure-uploads",
            "mfa": null,
            "versioning_configuration": [
              {
                "mfa_delete": "",
                "status": "Enabled"
              }
            ]
          },
          "sensitive_attributes": [],
          "identity_schema_version": 0,
          "private": "bnVsbA==",
          "dependencies": [
            "aws_s3_bucket.secure_uploads",
            "random_string.suffix"
          ]
        }
      ]
    },
    {
      "mode": "managed",
      "type": "aws_sns_topic",
      "name": "security_alerts",
      "provider": "provider[\"registry.terraform.io/hashicorp/aws\"]",
      "instances": [
        {
          "schema_version": 0,
          "attributes": {
            "application_failure_feedback_role_arn": "",
            "application_success_feedback_role_arn": "",
            "application_success_feedback_sample_rate": 0,
            "archive_policy": "",
            "arn": "arn:aws:sns:us-east-1:084375583047:azubi-project-3-dev-aik77814-security-alerts",
            "beginning_archive_time": "",
            "content_based_deduplication": false,
            "delivery_policy": "",
            "display_name": "",
            "fifo_throughput_scope": "",
            "fifo_topic": false,
            "firehose_failure_feedback_role_arn": "",
            "firehose_success_feedback_role_arn": "",
            "firehose_success_feedback_sample_rate": 0,
            "http_failure_feedback_role_arn": "",
            "http_success_feedback_role_arn": "",
            "http_success_feedback_sample_rate": 0,
            "id": "arn:aws:sns:us-east-1:084375583047:azubi-project-3-dev-aik77814-security-alerts",
            "kms_master_key_id": "",
            "lambda_failure_feedback_role_arn": "",
            "lambda_success_feedback_role_arn": "",
            "lambda_success_feedback_sample_rate": 0,
            "name": "azubi-project-3-dev-aik77814-security-alerts",
            "name_prefix": "",
            "owner": "084375583047",
            "policy": "{\"Statement\":[{\"Action\":\"sns:Publish\",\"Effect\":\"Allow\",\"Principal\":{\"Service\":\"cloudwatch.amazonaws.com\"},\"Resource\":\"arn:aws:sns:us-east-1:084375583047:azubi-project-3-dev-aik77814-security-alerts\",\"Sid\":\"CloudWatchAlarmsPolicy\"}],\"Version\":\"2012-10-17\"}",
            "signature_version": 0,
            "sqs_failure_feedback_role_arn": "",
            "sqs_success_feedback_role_arn": "",
            "sqs_success_feedback_sample_rate": 0,
            "tags": {
              "Name": "azubi-project-3-dev-aik77814-security-alerts"
            },
            "tags_all": {
              "CostCenter": "engineering",
              "Environment": "dev",
              "ManagedBy": "Terraform",
              "Name": "azubi-project-3-dev-aik77814-security-alerts",
              "Owner": "guderian",
              "Project": "azubi-project-3"
            },
            "tracing_config": ""
          },
          "sensitive_attributes": [],
          "identity_schema_version": 0,
          "private": "bnVsbA==",
          "dependencies": [
            "random_string.suffix"
          ]
        }
      ]
    },
    {
      "mode": "managed",
      "type": "aws_sns_topic_policy",
      "name": "security_alerts",
      "provider": "provider[\"registry.terraform.io/hashicorp/aws\"]",
      "instances": [
        {
          "schema_version": 0,
          "attributes": {
            "arn": "arn:aws:sns:us-east-1:084375583047:azubi-project-3-dev-aik77814-security-alerts",
            "id": "arn:aws:sns:us-east-1:084375583047:azubi-project-3-dev-aik77814-security-alerts",
            "owner": "084375583047",
            "policy": "{\"Statement\":[{\"Action\":\"sns:Publish\",\"Effect\":\"Allow\",\"Principal\":{\"Service\":\"cloudwatch.amazonaws.com\"},\"Resource\":\"arn:aws:sns:us-east-1:084375583047:azubi-project-3-dev-aik77814-security-alerts\",\"Sid\":\"CloudWatchAlarmsPolicy\"}],\"Version\":\"2012-10-17\"}"
          },
          "sensitive_attributes": [],
          "identity_schema_version": 0,
          "private": "bnVsbA==",
          "dependencies": [
            "aws_sns_topic.security_alerts",
            "random_string.suffix"
          ]
        }
      ]
    },
    {
      "mode": "managed",
      "type": "random_string",
      "name": "suffix",
      "provider": "provider[\"registry.terraform.io/hashicorp/random\"]",
      "instances": [
        {
          "schema_version": 2,
          "attributes": {
            "id": "aik77814",
            "keepers": null,
            "length": 8,
            "lower": true,
            "min_lower": 0,
            "min_numeric": 0,
            "min_special": 0,
            "min_upper": 0,
            "number": true,
            "numeric": true,
            "override_special": null,
            "result": "aik77814",
            "special": false,
            "upper": false
          },
          "sensitive_attributes": [],
          "identity_schema_version": 0
        }
      ]
    }
  ],
  "check_results": null
}
