{
  "version": 4,
  "terraform_version": "1.12.2",
  "serial": 304,
  "lineage": "6c8b5a28-a364-9af7-f7dd-094cfaf1c8b3",
  "outputs": {},
  "resources": [
    {
      "mode": "managed",
      "type": "aws_s3_bucket",
      "name": "cloudtrail_logs",
      "provider": "provider[\"registry.terraform.io/hashicorp/aws\"]",
      "instances": [
        {
          "schema_version": 0,
          "attributes": {
            "acceleration_status": "",
            "acl": null,
            "arn": "arn:aws:s3:::azubi-project-3-dev-ezg0a2qw-cloudtrail-logs",
            "bucket": "azubi-project-3-dev-ezg0a2qw-cloudtrail-logs",
            "bucket_domain_name": "azubi-project-3-dev-ezg0a2qw-cloudtrail-logs.s3.amazonaws.com",
            "bucket_prefix": "",
            "bucket_regional_domain_name": "azubi-project-3-dev-ezg0a2qw-cloudtrail-logs.s3.us-east-1.amazonaws.com",
            "cors_rule": [],
            "force_destroy": false,
            "grant": [
              {
                "id": "cff204dbf8c908dddb85d4179be9ab2d1b29929e48c81fa1407e9b1e7d4bf05f",
                "permissions": [
                  "FULL_CONTROL"
                ],
                "type": "CanonicalUser",
                "uri": ""
              }
            ],
            "hosted_zone_id": "Z3AQBSTGFYJSTF",
            "id": "azubi-project-3-dev-ezg0a2qw-cloudtrail-logs",
            "lifecycle_rule": [],
            "logging": [],
            "object_lock_configuration": [],
            "object_lock_enabled": false,
            "policy": "{\"Statement\":[{\"Action\":\"s3:GetBucketAcl\",\"Condition\":{\"StringEquals\":{\"aws:SourceArn\":\"arn:aws:cloudtrail:us-east-1:084375583047:trail/azubi-project-3-dev-ezg0a2qw-cloudtrail\"}},\"Effect\":\"Allow\",\"Principal\":{\"Service\":\"cloudtrail.amazonaws.com\"},\"Resource\":\"arn:aws:s3:::azubi-project-3-dev-ezg0a2qw-cloudtrail-logs\",\"Sid\":\"AWSCloudTrailAclCheck\"},{\"Action\":\"s3:PutObject\",\"Condition\":{\"StringEquals\":{\"aws:SourceArn\":\"arn:aws:cloudtrail:us-east-1:084375583047:trail/azubi-project-3-dev-ezg0a2qw-cloudtrail\",\"s3:x-amz-acl\":\"bucket-owner-full-control\"}},\"Effect\":\"Allow\",\"Principal\":{\"Service\":\"cloudtrail.amazonaws.com\"},\"Resource\":\"arn:aws:s3:::azubi-project-3-dev-ezg0a2qw-cloudtrail-logs/*\",\"Sid\":\"AWSCloudTrailWrite\"}],\"Version\":\"2012-10-17\"}",
            "region": "us-east-1",
            "replication_configuration": [],
            "request_payer": "BucketOwner",
            "server_side_encryption_configuration": [
              {
                "rule": [
                  {
                    "apply_server_side_encryption_by_default": [
                      {
                        "kms_master_key_id": "",
                        "sse_algorithm": "AES256"
                      }
                    ],
                    "bucket_key_enabled": false
                  }
                ]
              }
            ],
            "tags": {
              "Name": "azubi-project-3-dev-ezg0a2qw-cloudtrail-logs"
            },
            "tags_all": {
              "CostCenter": "engineering",
              "Environment": "dev",
              "ManagedBy": "Terraform",
              "Name": "azubi-project-3-dev-ezg0a2qw-cloudtrail-logs",
              "Owner": "guderian",
              "Project": "azubi-project-3"
            },
            "timeouts": null,
            "versioning": [
              {
                "enabled": true,
                "mfa_delete": false
              }
            ],
            "website": [],
            "website_domain": null,
            "website_endpoint": null
          },
          "sensitive_attributes": [],
          "identity_schema_version": 0,
          "private": "eyJlMmJmYjczMC1lY2FhLTExZTYtOGY4OC0zNDM2M2JjN2M0YzAiOnsiY3JlYXRlIjoxMjAwMDAwMDAwMDAwLCJkZWxldGUiOjM2MDAwMDAwMDAwMDAsInJlYWQiOjEyMDAwMDAwMDAwMDAsInVwZGF0ZSI6MTIwMDAwMDAwMDAwMH19",
          "dependencies": [
            "random_string.suffix"
          ]
        }
      ]
    },
    {
      "mode": "managed",
      "type": "aws_s3_bucket",
      "name": "config_bucket",
      "provider": "provider[\"registry.terraform.io/hashicorp/aws\"]",
      "instances": [
        {
          "schema_version": 0,
          "attributes": {
            "acceleration_status": "",
            "acl": null,
            "arn": "arn:aws:s3:::azubi-project-3-dev-ezg0a2qw-config-bucket",
            "bucket": "azubi-project-3-dev-ezg0a2qw-config-bucket",
            "bucket_domain_name": "azubi-project-3-dev-ezg0a2qw-config-bucket.s3.amazonaws.com",
            "bucket_prefix": "",
            "bucket_regional_domain_name": "azubi-project-3-dev-ezg0a2qw-config-bucket.s3.us-east-1.amazonaws.com",
            "cors_rule": [],
            "force_destroy": false,
            "grant": [
              {
                "id": "cff204dbf8c908dddb85d4179be9ab2d1b29929e48c81fa1407e9b1e7d4bf05f",
                "permissions": [
                  "FULL_CONTROL"
                ],
                "type": "CanonicalUser",
                "uri": ""
              }
            ],
            "hosted_zone_id": "Z3AQBSTGFYJSTF",
            "id": "azubi-project-3-dev-ezg0a2qw-config-bucket",
            "lifecycle_rule": [],
            "logging": [],
            "object_lock_configuration": [],
            "object_lock_enabled": false,
            "policy": "{\"Statement\":[{\"Action\":\"s3:GetBucketAcl\",\"Condition\":{\"StringEquals\":{\"AWS:SourceAccount\":\"084375583047\"}},\"Effect\":\"Allow\",\"Principal\":{\"Service\":\"config.amazonaws.com\"},\"Resource\":\"arn:aws:s3:::azubi-project-3-dev-ezg0a2qw-config-bucket\",\"Sid\":\"AWSConfigBucketPermissionsCheck\"},{\"Action\":\"s3:ListBucket\",\"Condition\":{\"StringEquals\":{\"AWS:SourceAccount\":\"084375583047\"}},\"Effect\":\"Allow\",\"Principal\":{\"Service\":\"config.amazonaws.com\"},\"Resource\":\"arn:aws:s3:::azubi-project-3-dev-ezg0a2qw-config-bucket\",\"Sid\":\"AWSConfigBucketExistenceCheck\"},{\"Action\":\"s3:PutObject\",\"Condition\":{\"StringEquals\":{\"AWS:SourceAccount\":\"084375583047\",\"s3:x-amz-acl\":\"bucket-owner-full-control\"}},\"Effect\":\"Allow\",\"Principal\":{\"Service\":\"config.amazonaws.com\"},\"Resource\":\"arn:aws:s3:::azubi-project-3-dev-ezg0a2qw-config-bucket/*\",\"Sid\":\"AWSConfigBucketDelivery\"}],\"Version\":\"2012-10-17\"}",
            "region": "us-east-1",
            "replication_configuration": [],
            "request_payer": "BucketOwner",
            "server_side_encryption_configuration": [
              {
                "rule": [
                  {
                    "apply_server_side_encryption_by_default": [
                      {
                        "kms_master_key_id": "",
                        "sse_algorithm": "AES256"
                      }
                    ],
                    "bucket_key_enabled": false
                  }
                ]
              }
            ],
            "tags": {
              "Name": "azubi-project-3-dev-ezg0a2qw-config-bucket"
            },
            "tags_all": {
              "CostCenter": "engineering",
              "Environment": "dev",
              "ManagedBy": "Terraform",
              "Name": "azubi-project-3-dev-ezg0a2qw-config-bucket",
              "Owner": "guderian",
              "Project": "azubi-project-3"
            },
            "timeouts": null,
            "versioning": [
              {
                "enabled": true,
                "mfa_delete": false
              }
            ],
            "website": [],
            "website_domain": null,
            "website_endpoint": null
          },
          "sensitive_attributes": [],
          "identity_schema_version": 0,
          "private": "eyJlMmJmYjczMC1lY2FhLTExZTYtOGY4OC0zNDM2M2JjN2M0YzAiOnsiY3JlYXRlIjoxMjAwMDAwMDAwMDAwLCJkZWxldGUiOjM2MDAwMDAwMDAwMDAsInJlYWQiOjEyMDAwMDAwMDAwMDAsInVwZGF0ZSI6MTIwMDAwMDAwMDAwMH19",
          "dependencies": [
            "random_string.suffix"
          ]
        }
      ]
    },
    {
      "mode": "managed",
      "type": "aws_s3_bucket",
      "name": "secure_uploads",
      "provider": "provider[\"registry.terraform.io/hashicorp/aws\"]",
      "instances": [
        {
          "schema_version": 0,
          "attributes": {
            "acceleration_status": "",
            "acl": null,
            "arn": "arn:aws:s3:::azubi-project-3-dev-ezg0a2qw-secure-uploads",
            "bucket": "azubi-project-3-dev-ezg0a2qw-secure-uploads",
            "bucket_domain_name": "azubi-project-3-dev-ezg0a2qw-secure-uploads.s3.amazonaws.com",
            "bucket_prefix": "",
            "bucket_regional_domain_name": "azubi-project-3-dev-ezg0a2qw-secure-uploads.s3.us-east-1.amazonaws.com",
            "cors_rule": [],
            "force_destroy": false,
            "grant": [
              {
                "id": "cff204dbf8c908dddb85d4179be9ab2d1b29929e48c81fa1407e9b1e7d4bf05f",
                "permissions": [
                  "FULL_CONTROL"
                ],
                "type": "CanonicalUser",
                "uri": ""
              }
            ],
            "hosted_zone_id": "Z3AQBSTGFYJSTF",
            "id": "azubi-project-3-dev-ezg0a2qw-secure-uploads",
            "lifecycle_rule": [
              {
                "abort_incomplete_multipart_upload_days": 1,
                "enabled": true,
                "expiration": [],
                "id": "multipart_cleanup",
                "noncurrent_version_expiration": [],
                "noncurrent_version_transition": [],
                "prefix": "",
                "tags": {},
                "transition": []
              },
              {
                "abort_incomplete_multipart_upload_days": 0,
                "enabled": true,
                "expiration": [],
                "id": "transition_to_ia",
                "noncurrent_version_expiration": [],
                "noncurrent_version_transition": [],
                "prefix": "",
                "tags": {},
                "transition": [
                  {
                    "date": "",
                    "days": 30,
                    "storage_class": "STANDARD_IA"
                  },
                  {
                    "date": "",
                    "days": 365,
                    "storage_class": "DEEP_ARCHIVE"
                  },
                  {
                    "date": "",
                    "days": 90,
                    "storage_class": "GLACIER"
                  }
                ]
              },
              {
                "abort_incomplete_multipart_upload_days": 0,
                "enabled": true,
                "expiration": [],
                "id": "delete_old_versions",
                "noncurrent_version_expiration": [
                  {
                    "days": 90
                  }
                ],
                "noncurrent_version_transition": [],
                "prefix": "",
                "tags": {},
                "transition": []
              }
            ],
            "logging": [
              {
                "target_bucket": "azubi-project-3-dev-ezg0a2qw-access-logs",
                "target_prefix": "access-logs/"
              }
            ],
            "object_lock_configuration": [],
            "object_lock_enabled": false,
            "policy": "{\"Statement\":[{\"Action\":\"s3:*\",\"Condition\":{\"Bool\":{\"aws:SecureTransport\":\"false\"}},\"Effect\":\"Deny\",\"Principal\":\"*\",\"Resource\":[\"arn:aws:s3:::azubi-project-3-dev-ezg0a2qw-secure-uploads\",\"arn:aws:s3:::azubi-project-3-dev-ezg0a2qw-secure-uploads/*\"],\"Sid\":\"DenyUnSecureCommunications\"},{\"Action\":\"s3:PutObject\",\"Condition\":{\"StringNotEquals\":{\"s3:x-amz-server-side-encryption\":\"aws:kms\"}},\"Effect\":\"Deny\",\"Principal\":\"*\",\"Resource\":\"arn:aws:s3:::azubi-project-3-dev-ezg0a2qw-secure-uploads/*\",\"Sid\":\"DenyUnencryptedObjectUploads\"}],\"Version\":\"2012-10-17\"}",
            "region": "us-east-1",
            "replication_configuration": [],
            "request_payer": "BucketOwner",
            "server_side_encryption_configuration": [
              {
                "rule": [
                  {
                    "apply_server_side_encryption_by_default": [
                      {
                        "kms_master_key_id": "arn:aws:kms:us-east-1:084375583047:key/20e2a257-439c-4764-9eea-7c6326452596",
                        "sse_algorithm": "aws:kms"
                      }
                    ],
                    "bucket_key_enabled": true
                  }
                ]
              }
            ],
            "tags": {
              "Name": "azubi-project-3-dev-ezg0a2qw-secure-uploads"
            },
            "tags_all": {
              "CostCenter": "engineering",
              "Environment": "dev",
              "ManagedBy": "Terraform",
              "Name": "azubi-project-3-dev-ezg0a2qw-secure-uploads",
              "Owner": "guderian",
              "Project": "azubi-project-3"
            },
            "timeouts": null,
            "versioning": [
              {
                "enabled": true,
                "mfa_delete": false
              }
            ],
            "website": [],
            "website_domain": null,
            "website_endpoint": null
          },
          "sensitive_attributes": [],
          "identity_schema_version": 0,
          "private": "eyJlMmJmYjczMC1lY2FhLTExZTYtOGY4OC0zNDM2M2JjN2M0YzAiOnsiY3JlYXRlIjoxMjAwMDAwMDAwMDAwLCJkZWxldGUiOjM2MDAwMDAwMDAwMDAsInJlYWQiOjEyMDAwMDAwMDAwMDAsInVwZGF0ZSI6MTIwMDAwMDAwMDAwMH19",
          "dependencies": [
            "random_string.suffix"
          ]
        }
      ]
    },
    {
      "mode": "managed",
      "type": "random_string",
      "name": "suffix",
      "provider": "provider[\"registry.terraform.io/hashicorp/random\"]",
      "instances": [
        {
          "schema_version": 2,
          "attributes": {
            "id": "ezg0a2qw",
            "keepers": null,
            "length": 8,
            "lower": true,
            "min_lower": 0,
            "min_numeric": 0,
            "min_special": 0,
            "min_upper": 0,
            "number": true,
            "numeric": true,
            "override_special": null,
            "result": "ezg0a2qw",
            "special": false,
            "upper": false
          },
          "sensitive_attributes": [],
          "identity_schema_version": 0
        }
      ]
    }
  ],
  "check_results": null
}
